// !$*UTF8*$!
{
	archiveVersion = 1;
	classes = {
	};
	objectVersion = 46;
	objects = {

/* Begin PBXBuildFile section */
		052531DE0CFE9459AF109144 /* Pods_YNLibDemoOSX.framework in Frameworks */ = {isa = PBXBuildFile; fileRef = B9DA0D2CFAD5A628527F78BE /* Pods_YNLibDemoOSX.framework */; };
		B43F89321CE337D100DF1C76 /* AppDelegate.swift in Sources */ = {isa = PBXBuildFile; fileRef = B43F89311CE337D100DF1C76 /* AppDelegate.swift */; };
		B43F89341CE337D100DF1C76 /* Assets.xcassets in Resources */ = {isa = PBXBuildFile; fileRef = B43F89331CE337D100DF1C76 /* Assets.xcassets */; };
		B43F89371CE337D200DF1C76 /* MainMenu.xib in Resources */ = {isa = PBXBuildFile; fileRef = B43F89351CE337D100DF1C76 /* MainMenu.xib */; };
		B43F89421CE337D200DF1C76 /* YNLibDemoOSXTests.swift in Sources */ = {isa = PBXBuildFile; fileRef = B43F89411CE337D200DF1C76 /* YNLibDemoOSXTests.swift */; };
		B44E79BB1CD0F8C50027FC67 /* AsyncOperationTests.swift in Sources */ = {isa = PBXBuildFile; fileRef = B44E79B81CD0F8C50027FC67 /* AsyncOperationTests.swift */; };
		B44E79BC1CD0F8C50027FC67 /* ChronoTests.swift in Sources */ = {isa = PBXBuildFile; fileRef = B44E79B91CD0F8C50027FC67 /* ChronoTests.swift */; };
		B44E79BD1CD0F8C50027FC67 /* StopTimerTests.swift in Sources */ = {isa = PBXBuildFile; fileRef = B44E79BA1CD0F8C50027FC67 /* StopTimerTests.swift */; };
		B4D2AE2D1CD0FE82000472E1 /* GeneralTests.swift in Sources */ = {isa = PBXBuildFile; fileRef = B4D2AE2C1CD0FE82000472E1 /* GeneralTests.swift */; };
		B4D2B8B21CCF653B00E5BE52 /* AppDelegate.swift in Sources */ = {isa = PBXBuildFile; fileRef = B4D2B8B11CCF653B00E5BE52 /* AppDelegate.swift */; };
		B4D2B8B41CCF653B00E5BE52 /* ViewController.swift in Sources */ = {isa = PBXBuildFile; fileRef = B4D2B8B31CCF653B00E5BE52 /* ViewController.swift */; };
		B4D2B8B71CCF653B00E5BE52 /* Main.storyboard in Resources */ = {isa = PBXBuildFile; fileRef = B4D2B8B51CCF653B00E5BE52 /* Main.storyboard */; };
		B4D2B8B91CCF653B00E5BE52 /* Assets.xcassets in Resources */ = {isa = PBXBuildFile; fileRef = B4D2B8B81CCF653B00E5BE52 /* Assets.xcassets */; };
		B4D2B8BC1CCF653B00E5BE52 /* LaunchScreen.storyboard in Resources */ = {isa = PBXBuildFile; fileRef = B4D2B8BA1CCF653B00E5BE52 /* LaunchScreen.storyboard */; };
		B4D2B8C71CCF653B00E5BE52 /* YNLibDemoTests.swift in Sources */ = {isa = PBXBuildFile; fileRef = B4D2B8C61CCF653B00E5BE52 /* YNLibDemoTests.swift */; };
		EB354AEC8F7A35888ADF6B15 /* Pods_YNLibDemo.framework in Frameworks */ = {isa = PBXBuildFile; fileRef = 669B1ACAE574DCD581D93CA3 /* Pods_YNLibDemo.framework */; };
/* End PBXBuildFile section */

/* Begin PBXContainerItemProxy section */
		B43F893E1CE337D200DF1C76 /* PBXContainerItemProxy */ = {
			isa = PBXContainerItemProxy;
			containerPortal = B4D2B8A61CCF653B00E5BE52 /* Project object */;
			proxyType = 1;
			remoteGlobalIDString = B43F892E1CE337D100DF1C76;
			remoteInfo = YNLibDemoOSX;
		};
		B4D2B8C31CCF653B00E5BE52 /* PBXContainerItemProxy */ = {
			isa = PBXContainerItemProxy;
			containerPortal = B4D2B8A61CCF653B00E5BE52 /* Project object */;
			proxyType = 1;
			remoteGlobalIDString = B4D2B8AD1CCF653B00E5BE52;
			remoteInfo = YNLibDemo;
		};
/* End PBXContainerItemProxy section */

/* Begin PBXFileReference section */
		2190F6A22D0651CFF6FA08D9 /* Pods-YNLibDemo.release.xcconfig */ = {isa = PBXFileReference; includeInIndex = 1; lastKnownFileType = text.xcconfig; name = "Pods-YNLibDemo.release.xcconfig"; path = "Pods/Target Support Files/Pods-YNLibDemo/Pods-YNLibDemo.release.xcconfig"; sourceTree = "<group>"; };
		3EB1A55FE8D5D6BFD83A3C76 /* Pods-YNLibDemoOSX.debug.xcconfig */ = {isa = PBXFileReference; includeInIndex = 1; lastKnownFileType = text.xcconfig; name = "Pods-YNLibDemoOSX.debug.xcconfig"; path = "Pods/Target Support Files/Pods-YNLibDemoOSX/Pods-YNLibDemoOSX.debug.xcconfig"; sourceTree = "<group>"; };
		669B1ACAE574DCD581D93CA3 /* Pods_YNLibDemo.framework */ = {isa = PBXFileReference; explicitFileType = wrapper.framework; includeInIndex = 0; path = Pods_YNLibDemo.framework; sourceTree = BUILT_PRODUCTS_DIR; };
		8A03ED72E15E398AD4EF71BB /* Pods-YNLibDemoOSX.release.xcconfig */ = {isa = PBXFileReference; includeInIndex = 1; lastKnownFileType = text.xcconfig; name = "Pods-YNLibDemoOSX.release.xcconfig"; path = "Pods/Target Support Files/Pods-YNLibDemoOSX/Pods-YNLibDemoOSX.release.xcconfig"; sourceTree = "<group>"; };
		A48C3E94B5499C93D9A68DF3 /* Pods-YNLibDemo.debug.xcconfig */ = {isa = PBXFileReference; includeInIndex = 1; lastKnownFileType = text.xcconfig; name = "Pods-YNLibDemo.debug.xcconfig"; path = "Pods/Target Support Files/Pods-YNLibDemo/Pods-YNLibDemo.debug.xcconfig"; sourceTree = "<group>"; };
		B43F892F1CE337D100DF1C76 /* YNLibDemoOSX.app */ = {isa = PBXFileReference; explicitFileType = wrapper.application; includeInIndex = 0; path = YNLibDemoOSX.app; sourceTree = BUILT_PRODUCTS_DIR; };
		B43F89311CE337D100DF1C76 /* AppDelegate.swift */ = {isa = PBXFileReference; lastKnownFileType = sourcecode.swift; path = AppDelegate.swift; sourceTree = "<group>"; };
		B43F89331CE337D100DF1C76 /* Assets.xcassets */ = {isa = PBXFileReference; lastKnownFileType = folder.assetcatalog; path = Assets.xcassets; sourceTree = "<group>"; };
		B43F89361CE337D100DF1C76 /* Base */ = {isa = PBXFileReference; lastKnownFileType = file.xib; name = Base; path = Base.lproj/MainMenu.xib; sourceTree = "<group>"; };
		B43F89381CE337D200DF1C76 /* Info.plist */ = {isa = PBXFileReference; lastKnownFileType = text.plist.xml; path = Info.plist; sourceTree = "<group>"; };
		B43F893D1CE337D200DF1C76 /* YNLibDemoOSXTests.xctest */ = {isa = PBXFileReference; explicitFileType = wrapper.cfbundle; includeInIndex = 0; path = YNLibDemoOSXTests.xctest; sourceTree = BUILT_PRODUCTS_DIR; };
		B43F89411CE337D200DF1C76 /* YNLibDemoOSXTests.swift */ = {isa = PBXFileReference; lastKnownFileType = sourcecode.swift; path = YNLibDemoOSXTests.swift; sourceTree = "<group>"; };
		B43F89431CE337D200DF1C76 /* Info.plist */ = {isa = PBXFileReference; lastKnownFileType = text.plist.xml; path = Info.plist; sourceTree = "<group>"; };
		B44E79B81CD0F8C50027FC67 /* AsyncOperationTests.swift */ = {isa = PBXFileReference; fileEncoding = 4; lastKnownFileType = sourcecode.swift; path = AsyncOperationTests.swift; sourceTree = "<group>"; };
		B44E79B91CD0F8C50027FC67 /* ChronoTests.swift */ = {isa = PBXFileReference; fileEncoding = 4; lastKnownFileType = sourcecode.swift; path = ChronoTests.swift; sourceTree = "<group>"; };
		B44E79BA1CD0F8C50027FC67 /* StopTimerTests.swift */ = {isa = PBXFileReference; fileEncoding = 4; lastKnownFileType = sourcecode.swift; path = StopTimerTests.swift; sourceTree = "<group>"; };
		B4D2AE2C1CD0FE82000472E1 /* GeneralTests.swift */ = {isa = PBXFileReference; fileEncoding = 4; lastKnownFileType = sourcecode.swift; path = GeneralTests.swift; sourceTree = "<group>"; };
		B4D2B8AE1CCF653B00E5BE52 /* YNLibDemo.app */ = {isa = PBXFileReference; explicitFileType = wrapper.application; includeInIndex = 0; path = YNLibDemo.app; sourceTree = BUILT_PRODUCTS_DIR; };
		B4D2B8B11CCF653B00E5BE52 /* AppDelegate.swift */ = {isa = PBXFileReference; lastKnownFileType = sourcecode.swift; path = AppDelegate.swift; sourceTree = "<group>"; };
		B4D2B8B31CCF653B00E5BE52 /* ViewController.swift */ = {isa = PBXFileReference; lastKnownFileType = sourcecode.swift; path = ViewController.swift; sourceTree = "<group>"; };
		B4D2B8B61CCF653B00E5BE52 /* Base */ = {isa = PBXFileReference; lastKnownFileType = file.storyboard; name = Base; path = Base.lproj/Main.storyboard; sourceTree = "<group>"; };
		B4D2B8B81CCF653B00E5BE52 /* Assets.xcassets */ = {isa = PBXFileReference; lastKnownFileType = folder.assetcatalog; path = Assets.xcassets; sourceTree = "<group>"; };
		B4D2B8BB1CCF653B00E5BE52 /* Base */ = {isa = PBXFileReference; lastKnownFileType = file.storyboard; name = Base; path = Base.lproj/LaunchScreen.storyboard; sourceTree = "<group>"; };
		B4D2B8BD1CCF653B00E5BE52 /* Info.plist */ = {isa = PBXFileReference; lastKnownFileType = text.plist.xml; path = Info.plist; sourceTree = "<group>"; };
		B4D2B8C21CCF653B00E5BE52 /* YNLibDemoTests.xctest */ = {isa = PBXFileReference; explicitFileType = wrapper.cfbundle; includeInIndex = 0; path = YNLibDemoTests.xctest; sourceTree = BUILT_PRODUCTS_DIR; };
		B4D2B8C61CCF653B00E5BE52 /* YNLibDemoTests.swift */ = {isa = PBXFileReference; lastKnownFileType = sourcecode.swift; path = YNLibDemoTests.swift; sourceTree = "<group>"; };
		B4D2B8C81CCF653B00E5BE52 /* Info.plist */ = {isa = PBXFileReference; lastKnownFileType = text.plist.xml; path = Info.plist; sourceTree = "<group>"; };
		B9DA0D2CFAD5A628527F78BE /* Pods_YNLibDemoOSX.framework */ = {isa = PBXFileReference; explicitFileType = wrapper.framework; includeInIndex = 0; path = Pods_YNLibDemoOSX.framework; sourceTree = BUILT_PRODUCTS_DIR; };
		FDE1BBD5733A6FC9B2EA116E /* Pods.framework */ = {isa = PBXFileReference; explicitFileType = wrapper.framework; includeInIndex = 0; path = Pods.framework; sourceTree = BUILT_PRODUCTS_DIR; };
/* End PBXFileReference section */

/* Begin PBXFrameworksBuildPhase section */
		B43F892C1CE337D100DF1C76 /* Frameworks */ = {
			isa = PBXFrameworksBuildPhase;
			buildActionMask = 2147483647;
			files = (
				052531DE0CFE9459AF109144 /* Pods_YNLibDemoOSX.framework in Frameworks */,
			);
			runOnlyForDeploymentPostprocessing = 0;
		};
		B43F893A1CE337D200DF1C76 /* Frameworks */ = {
			isa = PBXFrameworksBuildPhase;
			buildActionMask = 2147483647;
			files = (
			);
			runOnlyForDeploymentPostprocessing = 0;
		};
		B4D2B8AB1CCF653B00E5BE52 /* Frameworks */ = {
			isa = PBXFrameworksBuildPhase;
			buildActionMask = 2147483647;
			files = (
				EB354AEC8F7A35888ADF6B15 /* Pods_YNLibDemo.framework in Frameworks */,
			);
			runOnlyForDeploymentPostprocessing = 0;
		};
		B4D2B8BF1CCF653B00E5BE52 /* Frameworks */ = {
			isa = PBXFrameworksBuildPhase;
			buildActionMask = 2147483647;
			files = (
			);
			runOnlyForDeploymentPostprocessing = 0;
		};
/* End PBXFrameworksBuildPhase section */

/* Begin PBXGroup section */
		12481E7AB46E932E10F86B56 /* Frameworks */ = {
			isa = PBXGroup;
			children = (
				FDE1BBD5733A6FC9B2EA116E /* Pods.framework */,
				669B1ACAE574DCD581D93CA3 /* Pods_YNLibDemo.framework */,
				B9DA0D2CFAD5A628527F78BE /* Pods_YNLibDemoOSX.framework */,
			);
			name = Frameworks;
			sourceTree = "<group>";
		};
		83AC3F24F5CEE8486B724ABB /* Pods */ = {
			isa = PBXGroup;
			children = (
				A48C3E94B5499C93D9A68DF3 /* Pods-YNLibDemo.debug.xcconfig */,
				2190F6A22D0651CFF6FA08D9 /* Pods-YNLibDemo.release.xcconfig */,
				3EB1A55FE8D5D6BFD83A3C76 /* Pods-YNLibDemoOSX.debug.xcconfig */,
				8A03ED72E15E398AD4EF71BB /* Pods-YNLibDemoOSX.release.xcconfig */,
			);
			name = Pods;
			sourceTree = "<group>";
		};
		B43F89301CE337D100DF1C76 /* YNLibDemoOSX */ = {
			isa = PBXGroup;
			children = (
				B43F89311CE337D100DF1C76 /* AppDelegate.swift */,
				B43F89331CE337D100DF1C76 /* Assets.xcassets */,
				B43F89351CE337D100DF1C76 /* MainMenu.xib */,
				B43F89381CE337D200DF1C76 /* Info.plist */,
			);
			path = YNLibDemoOSX;
			sourceTree = "<group>";
		};
		B43F89401CE337D200DF1C76 /* YNLibDemoOSXTests */ = {
			isa = PBXGroup;
			children = (
				B43F89411CE337D200DF1C76 /* YNLibDemoOSXTests.swift */,
				B43F89431CE337D200DF1C76 /* Info.plist */,
			);
			path = YNLibDemoOSXTests;
			sourceTree = "<group>";
		};
		B4D2B8A51CCF653B00E5BE52 = {
			isa = PBXGroup;
			children = (
				B4D2B8B01CCF653B00E5BE52 /* YNLibDemo */,
				B4D2B8C51CCF653B00E5BE52 /* YNLibDemoTests */,
				B43F89301CE337D100DF1C76 /* YNLibDemoOSX */,
				B43F89401CE337D200DF1C76 /* YNLibDemoOSXTests */,
				B4D2B8AF1CCF653B00E5BE52 /* Products */,
				12481E7AB46E932E10F86B56 /* Frameworks */,
				83AC3F24F5CEE8486B724ABB /* Pods */,
			);
			sourceTree = "<group>";
		};
		B4D2B8AF1CCF653B00E5BE52 /* Products */ = {
			isa = PBXGroup;
			children = (
				B4D2B8AE1CCF653B00E5BE52 /* YNLibDemo.app */,
				B4D2B8C21CCF653B00E5BE52 /* YNLibDemoTests.xctest */,
				B43F892F1CE337D100DF1C76 /* YNLibDemoOSX.app */,
				B43F893D1CE337D200DF1C76 /* YNLibDemoOSXTests.xctest */,
			);
			name = Products;
			sourceTree = "<group>";
		};
		B4D2B8B01CCF653B00E5BE52 /* YNLibDemo */ = {
			isa = PBXGroup;
			children = (
				B4D2B8B11CCF653B00E5BE52 /* AppDelegate.swift */,
				B4D2B8B31CCF653B00E5BE52 /* ViewController.swift */,
				B4D2B8B51CCF653B00E5BE52 /* Main.storyboard */,
				B4D2B8B81CCF653B00E5BE52 /* Assets.xcassets */,
				B4D2B8BA1CCF653B00E5BE52 /* LaunchScreen.storyboard */,
				B4D2B8BD1CCF653B00E5BE52 /* Info.plist */,
			);
			path = YNLibDemo;
			sourceTree = "<group>";
		};
		B4D2B8C51CCF653B00E5BE52 /* YNLibDemoTests */ = {
			isa = PBXGroup;
			children = (
				B44E79B81CD0F8C50027FC67 /* AsyncOperationTests.swift */,
				B44E79B91CD0F8C50027FC67 /* ChronoTests.swift */,
				B44E79BA1CD0F8C50027FC67 /* StopTimerTests.swift */,
				B4D2B8C61CCF653B00E5BE52 /* YNLibDemoTests.swift */,
				B4D2B8C81CCF653B00E5BE52 /* Info.plist */,
				B4D2AE2C1CD0FE82000472E1 /* GeneralTests.swift */,
			);
			path = YNLibDemoTests;
			sourceTree = "<group>";
		};
/* End PBXGroup section */

/* Begin PBXNativeTarget section */
		B43F892E1CE337D100DF1C76 /* YNLibDemoOSX */ = {
			isa = PBXNativeTarget;
			buildConfigurationList = B43F89481CE337D200DF1C76 /* Build configuration list for PBXNativeTarget "YNLibDemoOSX" */;
			buildPhases = (
				11A8C4B3B47DA803D31565CA /* 📦 Check Pods Manifest.lock */,
				B43F892B1CE337D100DF1C76 /* Sources */,
				B43F892C1CE337D100DF1C76 /* Frameworks */,
				B43F892D1CE337D100DF1C76 /* Resources */,
				AB73581942D7C949965E0E8E /* 📦 Embed Pods Frameworks */,
				5D69DA9EF7C4F482EFB129EA /* 📦 Copy Pods Resources */,
			);
			buildRules = (
			);
			dependencies = (
			);
			name = YNLibDemoOSX;
			productName = YNLibDemoOSX;
			productReference = B43F892F1CE337D100DF1C76 /* YNLibDemoOSX.app */;
			productType = "com.apple.product-type.application";
		};
		B43F893C1CE337D200DF1C76 /* YNLibDemoOSXTests */ = {
			isa = PBXNativeTarget;
			buildConfigurationList = B43F89491CE337D200DF1C76 /* Build configuration list for PBXNativeTarget "YNLibDemoOSXTests" */;
			buildPhases = (
				B43F89391CE337D200DF1C76 /* Sources */,
				B43F893A1CE337D200DF1C76 /* Frameworks */,
				B43F893B1CE337D200DF1C76 /* Resources */,
			);
			buildRules = (
			);
			dependencies = (
				B43F893F1CE337D200DF1C76 /* PBXTargetDependency */,
			);
			name = YNLibDemoOSXTests;
			productName = YNLibDemoOSXTests;
			productReference = B43F893D1CE337D200DF1C76 /* YNLibDemoOSXTests.xctest */;
			productType = "com.apple.product-type.bundle.unit-test";
		};
		B4D2B8AD1CCF653B00E5BE52 /* YNLibDemo */ = {
			isa = PBXNativeTarget;
			buildConfigurationList = B4D2B8CB1CCF653B00E5BE52 /* Build configuration list for PBXNativeTarget "YNLibDemo" */;
			buildPhases = (
				34DE51DD8C3C36C22C9379AF /* 📦 Check Pods Manifest.lock */,
				B4D2B8AA1CCF653B00E5BE52 /* Sources */,
				B4D2B8AB1CCF653B00E5BE52 /* Frameworks */,
				B4D2B8AC1CCF653B00E5BE52 /* Resources */,
				E5CC49798698D1871C7489EE /* 📦 Embed Pods Frameworks */,
				C34E2D11D69B49006E70C97B /* 📦 Copy Pods Resources */,
			);
			buildRules = (
			);
			dependencies = (
			);
			name = YNLibDemo;
			productName = YNLibDemo;
			productReference = B4D2B8AE1CCF653B00E5BE52 /* YNLibDemo.app */;
			productType = "com.apple.product-type.application";
		};
		B4D2B8C11CCF653B00E5BE52 /* YNLibDemoTests */ = {
			isa = PBXNativeTarget;
			buildConfigurationList = B4D2B8CE1CCF653B00E5BE52 /* Build configuration list for PBXNativeTarget "YNLibDemoTests" */;
			buildPhases = (
				B4D2B8BE1CCF653B00E5BE52 /* Sources */,
				B4D2B8BF1CCF653B00E5BE52 /* Frameworks */,
				B4D2B8C01CCF653B00E5BE52 /* Resources */,
			);
			buildRules = (
			);
			dependencies = (
				B4D2B8C41CCF653B00E5BE52 /* PBXTargetDependency */,
			);
			name = YNLibDemoTests;
			productName = YNLibDemoTests;
			productReference = B4D2B8C21CCF653B00E5BE52 /* YNLibDemoTests.xctest */;
			productType = "com.apple.product-type.bundle.unit-test";
		};
/* End PBXNativeTarget section */

/* Begin PBXProject section */
		B4D2B8A61CCF653B00E5BE52 /* Project object */ = {
			isa = PBXProject;
			attributes = {
				LastSwiftUpdateCheck = 0730;
				LastUpgradeCheck = 0730;
				ORGANIZATIONNAME = yunio;
				TargetAttributes = {
					B43F892E1CE337D100DF1C76 = {
						CreatedOnToolsVersion = 7.3.1;
					};
					B43F893C1CE337D200DF1C76 = {
						CreatedOnToolsVersion = 7.3.1;
						TestTargetID = B43F892E1CE337D100DF1C76;
					};
					B4D2B8AD1CCF653B00E5BE52 = {
						CreatedOnToolsVersion = 7.3;
					};
					B4D2B8C11CCF653B00E5BE52 = {
						CreatedOnToolsVersion = 7.3;
						TestTargetID = B4D2B8AD1CCF653B00E5BE52;
					};
				};
			};
			buildConfigurationList = B4D2B8A91CCF653B00E5BE52 /* Build configuration list for PBXProject "YNLibDemo" */;
			compatibilityVersion = "Xcode 3.2";
			developmentRegion = English;
			hasScannedForEncodings = 0;
			knownRegions = (
				en,
				Base,
			);
			mainGroup = B4D2B8A51CCF653B00E5BE52;
			productRefGroup = B4D2B8AF1CCF653B00E5BE52 /* Products */;
			projectDirPath = "";
			projectRoot = "";
			targets = (
				B4D2B8AD1CCF653B00E5BE52 /* YNLibDemo */,
				B4D2B8C11CCF653B00E5BE52 /* YNLibDemoTests */,
				B43F892E1CE337D100DF1C76 /* YNLibDemoOSX */,
				B43F893C1CE337D200DF1C76 /* YNLibDemoOSXTests */,
			);
		};
/* End PBXProject section */

/* Begin PBXResourcesBuildPhase section */
		B43F892D1CE337D100DF1C76 /* Resources */ = {
			isa = PBXResourcesBuildPhase;
			buildActionMask = 2147483647;
			files = (
				B43F89341CE337D100DF1C76 /* Assets.xcassets in Resources */,
				B43F89371CE337D200DF1C76 /* MainMenu.xib in Resources */,
			);
			runOnlyForDeploymentPostprocessing = 0;
		};
		B43F893B1CE337D200DF1C76 /* Resources */ = {
			isa = PBXResourcesBuildPhase;
			buildActionMask = 2147483647;
			files = (
			);
			runOnlyForDeploymentPostprocessing = 0;
		};
		B4D2B8AC1CCF653B00E5BE52 /* Resources */ = {
			isa = PBXResourcesBuildPhase;
			buildActionMask = 2147483647;
			files = (
				B4D2B8BC1CCF653B00E5BE52 /* LaunchScreen.storyboard in Resources */,
				B4D2B8B91CCF653B00E5BE52 /* Assets.xcassets in Resources */,
				B4D2B8B71CCF653B00E5BE52 /* Main.storyboard in Resources */,
			);
			runOnlyForDeploymentPostprocessing = 0;
		};
		B4D2B8C01CCF653B00E5BE52 /* Resources */ = {
			isa = PBXResourcesBuildPhase;
			buildActionMask = 2147483647;
			files = (
			);
			runOnlyForDeploymentPostprocessing = 0;
		};
/* End PBXResourcesBuildPhase section */

/* Begin PBXShellScriptBuildPhase section */
		11A8C4B3B47DA803D31565CA /* 📦 Check Pods Manifest.lock */ = {
			isa = PBXShellScriptBuildPhase;
			buildActionMask = 2147483647;
			files = (
			);
			inputPaths = (
			);
			name = "📦 Check Pods Manifest.lock";
			outputPaths = (
			);
			runOnlyForDeploymentPostprocessing = 0;
			shellPath = /bin/sh;
			shellScript = "diff \"${PODS_ROOT}/../Podfile.lock\" \"${PODS_ROOT}/Manifest.lock\" > /dev/null\nif [[ $? != 0 ]] ; then\n    cat << EOM\nerror: The sandbox is not in sync with the Podfile.lock. Run 'pod install' or update your CocoaPods installation.\nEOM\n    exit 1\nfi\n";
			showEnvVarsInLog = 0;
		};
		34DE51DD8C3C36C22C9379AF /* 📦 Check Pods Manifest.lock */ = {
			isa = PBXShellScriptBuildPhase;
			buildActionMask = 2147483647;
			files = (
			);
			inputPaths = (
			);
			name = "📦 Check Pods Manifest.lock";
			outputPaths = (
			);
			runOnlyForDeploymentPostprocessing = 0;
			shellPath = /bin/sh;
			shellScript = "diff \"${PODS_ROOT}/../Podfile.lock\" \"${PODS_ROOT}/Manifest.lock\" > /dev/null\nif [[ $? != 0 ]] ; then\n    cat << EOM\nerror: The sandbox is not in sync with the Podfile.lock. Run 'pod install' or update your CocoaPods installation.\nEOM\n    exit 1\nfi\n";
			showEnvVarsInLog = 0;
		};
		5D69DA9EF7C4F482EFB129EA /* 📦 Copy Pods Resources */ = {
			isa = PBXShellScriptBuildPhase;
			buildActionMask = 2147483647;
			files = (
			);
			inputPaths = (
			);
			name = "📦 Copy Pods Resources";
			outputPaths = (
			);
			runOnlyForDeploymentPostprocessing = 0;
			shellPath = /bin/sh;
			shellScript = "\"${SRCROOT}/Pods/Target Support Files/Pods-YNLibDemoOSX/Pods-YNLibDemoOSX-resources.sh\"\n";
			showEnvVarsInLog = 0;
		};
		AB73581942D7C949965E0E8E /* 📦 Embed Pods Frameworks */ = {
			isa = PBXShellScriptBuildPhase;
			buildActionMask = 2147483647;
			files = (
			);
			inputPaths = (
			);
			name = "📦 Embed Pods Frameworks";
			outputPaths = (
			);
			runOnlyForDeploymentPostprocessing = 0;
			shellPath = /bin/sh;
			shellScript = "\"${SRCROOT}/Pods/Target Support Files/Pods-YNLibDemoOSX/Pods-YNLibDemoOSX-frameworks.sh\"\n";
			showEnvVarsInLog = 0;
		};
		C34E2D11D69B49006E70C97B /* 📦 Copy Pods Resources */ = {
			isa = PBXShellScriptBuildPhase;
			buildActionMask = 2147483647;
			files = (
			);
			inputPaths = (
			);
			name = "📦 Copy Pods Resources";
			outputPaths = (
			);
			runOnlyForDeploymentPostprocessing = 0;
			shellPath = /bin/sh;
			shellScript = "\"${SRCROOT}/Pods/Target Support Files/Pods-YNLibDemo/Pods-YNLibDemo-resources.sh\"\n";
			showEnvVarsInLog = 0;
		};
		E5CC49798698D1871C7489EE /* 📦 Embed Pods Frameworks */ = {
			isa = PBXShellScriptBuildPhase;
			buildActionMask = 2147483647;
			files = (
			);
			inputPaths = (
			);
			name = "📦 Embed Pods Frameworks";
			outputPaths = (
			);
			runOnlyForDeploymentPostprocessing = 0;
			shellPath = /bin/sh;
			shellScript = "\"${SRCROOT}/Pods/Target Support Files/Pods-YNLibDemo/Pods-YNLibDemo-frameworks.sh\"\n";
			showEnvVarsInLog = 0;
		};
/* End PBXShellScriptBuildPhase section */

/* Begin PBXSourcesBuildPhase section */
		B43F892B1CE337D100DF1C76 /* Sources */ = {
			isa = PBXSourcesBuildPhase;
			buildActionMask = 2147483647;
			files = (
				B43F89321CE337D100DF1C76 /* AppDelegate.swift in Sources */,
			);
			runOnlyForDeploymentPostprocessing = 0;
		};
		B43F89391CE337D200DF1C76 /* Sources */ = {
			isa = PBXSourcesBuildPhase;
			buildActionMask = 2147483647;
			files = (
				B43F89421CE337D200DF1C76 /* YNLibDemoOSXTests.swift in Sources */,
			);
			runOnlyForDeploymentPostprocessing = 0;
		};
		B4D2B8AA1CCF653B00E5BE52 /* Sources */ = {
			isa = PBXSourcesBuildPhase;
			buildActionMask = 2147483647;
			files = (
				B4D2B8B41CCF653B00E5BE52 /* ViewController.swift in Sources */,
				B4D2B8B21CCF653B00E5BE52 /* AppDelegate.swift in Sources */,
			);
			runOnlyForDeploymentPostprocessing = 0;
		};
		B4D2B8BE1CCF653B00E5BE52 /* Sources */ = {
			isa = PBXSourcesBuildPhase;
			buildActionMask = 2147483647;
			files = (
				B44E79BB1CD0F8C50027FC67 /* AsyncOperationTests.swift in Sources */,
				B44E79BD1CD0F8C50027FC67 /* StopTimerTests.swift in Sources */,
				B4D2B8C71CCF653B00E5BE52 /* YNLibDemoTests.swift in Sources */,
				B44E79BC1CD0F8C50027FC67 /* ChronoTests.swift in Sources */,
				B4D2AE2D1CD0FE82000472E1 /* GeneralTests.swift in Sources */,
			);
			runOnlyForDeploymentPostprocessing = 0;
		};
/* End PBXSourcesBuildPhase section */

/* Begin PBXTargetDependency section */
		B43F893F1CE337D200DF1C76 /* PBXTargetDependency */ = {
			isa = PBXTargetDependency;
			target = B43F892E1CE337D100DF1C76 /* YNLibDemoOSX */;
			targetProxy = B43F893E1CE337D200DF1C76 /* PBXContainerItemProxy */;
		};
		B4D2B8C41CCF653B00E5BE52 /* PBXTargetDependency */ = {
			isa = PBXTargetDependency;
			target = B4D2B8AD1CCF653B00E5BE52 /* YNLibDemo */;
			targetProxy = B4D2B8C31CCF653B00E5BE52 /* PBXContainerItemProxy */;
		};
/* End PBXTargetDependency section */

/* Begin PBXVariantGroup section */
		B43F89351CE337D100DF1C76 /* MainMenu.xib */ = {
			isa = PBXVariantGroup;
			children = (
				B43F89361CE337D100DF1C76 /* Base */,
			);
			name = MainMenu.xib;
			sourceTree = "<group>";
		};
		B4D2B8B51CCF653B00E5BE52 /* Main.storyboard */ = {
			isa = PBXVariantGroup;
			children = (
				B4D2B8B61CCF653B00E5BE52 /* Base */,
			);
			name = Main.storyboard;
			sourceTree = "<group>";
		};
		B4D2B8BA1CCF653B00E5BE52 /* LaunchScreen.storyboard */ = {
			isa = PBXVariantGroup;
			children = (
				B4D2B8BB1CCF653B00E5BE52 /* Base */,
			);
			name = LaunchScreen.storyboard;
			sourceTree = "<group>";
		};
/* End PBXVariantGroup section */

/* Begin XCBuildConfiguration section */
		B43F89441CE337D200DF1C76 /* Debug */ = {
			isa = XCBuildConfiguration;
			baseConfigurationReference = 3EB1A55FE8D5D6BFD83A3C76 /* Pods-YNLibDemoOSX.debug.xcconfig */;
			buildSettings = {
				ASSETCATALOG_COMPILER_APPICON_NAME = AppIcon;
				CODE_SIGN_IDENTITY = "-";
				COMBINE_HIDPI_IMAGES = YES;
				INFOPLIST_FILE = YNLibDemoOSX/Info.plist;
				LD_RUNPATH_SEARCH_PATHS = "$(inherited) @executable_path/../Frameworks";
				MACOSX_DEPLOYMENT_TARGET = 10.11;
				PRODUCT_BUNDLE_IDENTIFIER = com.yunio.YNLibDemoOSX;
				PRODUCT_NAME = "$(TARGET_NAME)";
				SDKROOT = macosx;
			};
			name = Debug;
		};
		B43F89451CE337D200DF1C76 /* Release */ = {
			isa = XCBuildConfiguration;
			baseConfigurationReference = 8A03ED72E15E398AD4EF71BB /* Pods-YNLibDemoOSX.release.xcconfig */;
			buildSettings = {
				ASSETCATALOG_COMPILER_APPICON_NAME = AppIcon;
				CODE_SIGN_IDENTITY = "-";
				COMBINE_HIDPI_IMAGES = YES;
				INFOPLIST_FILE = YNLibDemoOSX/Info.plist;
				LD_RUNPATH_SEARCH_PATHS = "$(inherited) @executable_path/../Frameworks";
				MACOSX_DEPLOYMENT_TARGET = 10.11;
				PRODUCT_BUNDLE_IDENTIFIER = com.yunio.YNLibDemoOSX;
				PRODUCT_NAME = "$(TARGET_NAME)";
				SDKROOT = macosx;
			};
			name = Release;
		};
		B43F89461CE337D200DF1C76 /* Debug */ = {
			isa = XCBuildConfiguration;
			buildSettings = {
				BUNDLE_LOADER = "$(TEST_HOST)";
				CODE_SIGN_IDENTITY = "-";
				COMBINE_HIDPI_IMAGES = YES;
				INFOPLIST_FILE = YNLibDemoOSXTests/Info.plist;
				LD_RUNPATH_SEARCH_PATHS = "$(inherited) @executable_path/../Frameworks @loader_path/../Frameworks";
				MACOSX_DEPLOYMENT_TARGET = 10.11;
				PRODUCT_BUNDLE_IDENTIFIER = com.yunio.YNLibDemoOSXTests;
				PRODUCT_NAME = "$(TARGET_NAME)";
				SDKROOT = macosx;
				TEST_HOST = "$(BUILT_PRODUCTS_DIR)/YNLibDemoOSX.app/Contents/MacOS/YNLibDemoOSX";
			};
			name = Debug;
		};
		B43F89471CE337D200DF1C76 /* Release */ = {
			isa = XCBuildConfiguration;
			buildSettings = {
				BUNDLE_LOADER = "$(TEST_HOST)";
				CODE_SIGN_IDENTITY = "-";
				COMBINE_HIDPI_IMAGES = YES;
				INFOPLIST_FILE = YNLibDemoOSXTests/Info.plist;
				LD_RUNPATH_SEARCH_PATHS = "$(inherited) @executable_path/../Frameworks @loader_path/../Frameworks";
				MACOSX_DEPLOYMENT_TARGET = 10.11;
				PRODUCT_BUNDLE_IDENTIFIER = com.yunio.YNLibDemoOSXTests;
				PRODUCT_NAME = "$(TARGET_NAME)";
				SDKROOT = macosx;
				TEST_HOST = "$(BUILT_PRODUCTS_DIR)/YNLibDemoOSX.app/Contents/MacOS/YNLibDemoOSX";
			};
			name = Release;
		};
		B4D2B8C91CCF653B00E5BE52 /* Debug */ = {
			isa = XCBuildConfiguration;
			buildSettings = {
				ALWAYS_SEARCH_USER_PATHS = NO;
				CLANG_ANALYZER_NONNULL = YES;
				CLANG_CXX_LANGUAGE_STANDARD = "gnu++0x";
				CLANG_CXX_LIBRARY = "libc++";
				CLANG_ENABLE_MODULES = YES;
				CLANG_ENABLE_OBJC_ARC = YES;
				CLANG_WARN_BOOL_CONVERSION = YES;
				CLANG_WARN_CONSTANT_CONVERSION = YES;
				CLANG_WARN_DIRECT_OBJC_ISA_USAGE = YES_ERROR;
				CLANG_WARN_EMPTY_BODY = YES;
				CLANG_WARN_ENUM_CONVERSION = YES;
				CLANG_WARN_INT_CONVERSION = YES;
				CLANG_WARN_OBJC_ROOT_CLASS = YES_ERROR;
				CLANG_WARN_UNREACHABLE_CODE = YES;
				CLANG_WARN__DUPLICATE_METHOD_MATCH = YES;
				"CODE_SIGN_IDENTITY[sdk=iphoneos*]" = "iPhone Developer";
				COPY_PHASE_STRIP = NO;
				DEBUG_INFORMATION_FORMAT = dwarf;
				ENABLE_STRICT_OBJC_MSGSEND = YES;
				ENABLE_TESTABILITY = YES;
				GCC_C_LANGUAGE_STANDARD = gnu99;
				GCC_DYNAMIC_NO_PIC = NO;
				GCC_NO_COMMON_BLOCKS = YES;
				GCC_OPTIMIZATION_LEVEL = 0;
				GCC_PREPROCESSOR_DEFINITIONS = (
					"DEBUG=1",
					"$(inherited)",
				);
				GCC_WARN_64_TO_32_BIT_CONVERSION = YES;
				GCC_WARN_ABOUT_RETURN_TYPE = YES_ERROR;
				GCC_WARN_UNDECLARED_SELECTOR = YES;
				GCC_WARN_UNINITIALIZED_AUTOS = YES_AGGRESSIVE;
				GCC_WARN_UNUSED_FUNCTION = YES;
				GCC_WARN_UNUSED_VARIABLE = YES;
				IPHONEOS_DEPLOYMENT_TARGET = 8.0;
				MTL_ENABLE_DEBUG_INFO = YES;
				ONLY_ACTIVE_ARCH = YES;
				SDKROOT = iphoneos;
				SWIFT_OPTIMIZATION_LEVEL = "-Onone";
			};
			name = Debug;
		};
		B4D2B8CA1CCF653B00E5BE52 /* Release */ = {
			isa = XCBuildConfiguration;
			buildSettings = {
				ALWAYS_SEARCH_USER_PATHS = NO;
				CLANG_ANALYZER_NONNULL = YES;
				CLANG_CXX_LANGUAGE_STANDARD = "gnu++0x";
				CLANG_CXX_LIBRARY = "libc++";
				CLANG_ENABLE_MODULES = YES;
				CLANG_ENABLE_OBJC_ARC = YES;
				CLANG_WARN_BOOL_CONVERSION = YES;
				CLANG_WARN_CONSTANT_CONVERSION = YES;
				CLANG_WARN_DIRECT_OBJC_ISA_USAGE = YES_ERROR;
				CLANG_WARN_EMPTY_BODY = YES;
				CLANG_WARN_ENUM_CONVERSION = YES;
				CLANG_WARN_INT_CONVERSION = YES;
				CLANG_WARN_OBJC_ROOT_CLASS = YES_ERROR;
				CLANG_WARN_UNREACHABLE_CODE = YES;
				CLANG_WARN__DUPLICATE_METHOD_MATCH = YES;
				"CODE_SIGN_IDENTITY[sdk=iphoneos*]" = "iPhone Developer";
				COPY_PHASE_STRIP = NO;
				DEBUG_INFORMATION_FORMAT = "dwarf-with-dsym";
				ENABLE_NS_ASSERTIONS = NO;
				ENABLE_STRICT_OBJC_MSGSEND = YES;
				GCC_C_LANGUAGE_STANDARD = gnu99;
				GCC_NO_COMMON_BLOCKS = YES;
				GCC_WARN_64_TO_32_BIT_CONVERSION = YES;
				GCC_WARN_ABOUT_RETURN_TYPE = YES_ERROR;
				GCC_WARN_UNDECLARED_SELECTOR = YES;
				GCC_WARN_UNINITIALIZED_AUTOS = YES_AGGRESSIVE;
				GCC_WARN_UNUSED_FUNCTION = YES;
				GCC_WARN_UNUSED_VARIABLE = YES;
				IPHONEOS_DEPLOYMENT_TARGET = 8.0;
				MTL_ENABLE_DEBUG_INFO = NO;
				SDKROOT = iphoneos;
				VALIDATE_PRODUCT = YES;
			};
			name = Release;
		};
		B4D2B8CC1CCF653B00E5BE52 /* Debug */ = {
			isa = XCBuildConfiguration;
			baseConfigurationReference = A48C3E94B5499C93D9A68DF3 /* Pods-YNLibDemo.debug.xcconfig */;
			buildSettings = {
				ASSETCATALOG_COMPILER_APPICON_NAME = AppIcon;
				INFOPLIST_FILE = YNLibDemo/Info.plist;
				LD_RUNPATH_SEARCH_PATHS = "$(inherited) @executable_path/Frameworks";
				PRODUCT_BUNDLE_IDENTIFIER = com.yunio.YNLibDemo;
				PRODUCT_NAME = "$(TARGET_NAME)";
			};
			name = Debug;
		};
		B4D2B8CD1CCF653B00E5BE52 /* Release */ = {
			isa = XCBuildConfiguration;
			baseConfigurationReference = 2190F6A22D0651CFF6FA08D9 /* Pods-YNLibDemo.release.xcconfig */;
			buildSettings = {
				ASSETCATALOG_COMPILER_APPICON_NAME = AppIcon;
				INFOPLIST_FILE = YNLibDemo/Info.plist;
				LD_RUNPATH_SEARCH_PATHS = "$(inherited) @executable_path/Frameworks";
				PRODUCT_BUNDLE_IDENTIFIER = com.yunio.YNLibDemo;
				PRODUCT_NAME = "$(TARGET_NAME)";
			};
			name = Release;
		};
		B4D2B8CF1CCF653B00E5BE52 /* Debug */ = {
			isa = XCBuildConfiguration;
			buildSettings = {
				BUNDLE_LOADER = "$(TEST_HOST)";
				INFOPLIST_FILE = YNLibDemoTests/Info.plist;
				LD_RUNPATH_SEARCH_PATHS = "$(inherited) @executable_path/Frameworks @loader_path/Frameworks";
				PRODUCT_BUNDLE_IDENTIFIER = com.yunio.YNLibDemoTests;
				PRODUCT_NAME = "$(TARGET_NAME)";
				TEST_HOST = "$(BUILT_PRODUCTS_DIR)/YNLibDemo.app/YNLibDemo";
			};
			name = Debug;
		};
		B4D2B8D01CCF653B00E5BE52 /* Release */ = {
			isa = XCBuildConfiguration;
			buildSettings = {
				BUNDLE_LOADER = "$(TEST_HOST)";
				INFOPLIST_FILE = YNLibDemoTests/Info.plist;
				LD_RUNPATH_SEARCH_PATHS = "$(inherited) @executable_path/Frameworks @loader_path/Frameworks";
				PRODUCT_BUNDLE_IDENTIFIER = com.yunio.YNLibDemoTests;
				PRODUCT_NAME = "$(TARGET_NAME)";
				TEST_HOST = "$(BUILT_PRODUCTS_DIR)/YNLibDemo.app/YNLibDemo";
			};
			name = Release;
		};
/* End XCBuildConfiguration section */

/* Begin XCConfigurationList section */
		B43F89481CE337D200DF1C76 /* Build configuration list for PBXNativeTarget "YNLibDemoOSX" */ = {
			isa = XCConfigurationList;
			buildConfigurations = (
				B43F89441CE337D200DF1C76 /* Debug */,
				B43F89451CE337D200DF1C76 /* Release */,
			);
			defaultConfigurationIsVisible = 0;
			defaultConfigurationName = Release;
		};
		B43F89491CE337D200DF1C76 /* Build configuration list for PBXNativeTarget "YNLibDemoOSXTests" */ = {
			isa = XCConfigurationList;
			buildConfigurations = (
				B43F89461CE337D200DF1C76 /* Debug */,
				B43F89471CE337D200DF1C76 /* Release */,
			);
			defaultConfigurationIsVisible = 0;
			defaultConfigurationName = Release;
		};
		B4D2B8A91CCF653B00E5BE52 /* Build configuration list for PBXProject "YNLibDemo" */ = {
			isa = XCConfigurationList;
			buildConfigurations = (
				B4D2B8C91CCF653B00E5BE52 /* Debug */,
				B4D2B8CA1CCF653B00E5BE52 /* Release */,
			);
			defaultConfigurationIsVisible = 0;
			defaultConfigurationName = Release;
		};
		B4D2B8CB1CCF653B00E5BE52 /* Build configuration list for PBXNativeTarget "YNLibDemo" */ = {
			isa = XCConfigurationList;
			buildConfigurations = (
				B4D2B8CC1CCF653B00E5BE52 /* Debug */,
				B4D2B8CD1CCF653B00E5BE52 /* Release */,
			);
			defaultConfigurationIsVisible = 0;
			defaultConfigurationName = Release;
		};
		B4D2B8CE1CCF653B00E5BE52 /* Build configuration list for PBXNativeTarget "YNLibDemoTests" */ = {
			isa = XCConfigurationList;
			buildConfigurations = (
				B4D2B8CF1CCF653B00E5BE52 /* Debug */,
				B4D2B8D01CCF653B00E5BE52 /* Release */,
			);
			defaultConfigurationIsVisible = 0;
			defaultConfigurationName = Release;
		};
/* End XCConfigurationList section */
	};
	rootObject = B4D2B8A61CCF653B00E5BE52 /* Project object */;
}
