// !$*UTF8*$!
{
	archiveVersion = 1;
	classes = {
	};
	objectVersion = 46;
	objects = {

/* Begin PBXBuildFile section */
		09BC17B49553860DA305D90B /* Pods_YNLib.framework in Frameworks */ = {isa = PBXBuildFile; fileRef = A7E8D32621A04E318B986086 /* Pods_YNLib.framework */; };
		948337F3065A000B584D209F /* Pods_YNLibOSX.framework in Frameworks */ = {isa = PBXBuildFile; fileRef = F2A7CED53D932C887A7600D6 /* Pods_YNLibOSX.framework */; };
		B4212A191CD061C300A7AB20 /* YNLib.h in Headers */ = {isa = PBXBuildFile; fileRef = B4212A181CD061C300A7AB20 /* YNLib.h */; settings = {ATTRIBUTES = (Public, ); }; };
		B43F88D01CE3164700DF1C76 /* HTTPStatusCodes.swift in Sources */ = {isa = PBXBuildFile; fileRef = B441E46C1CD1EFAE0004A5EE /* HTTPStatusCodes.swift */; };
		B43F88D11CE3164700DF1C76 /* DataUtils.swift in Sources */ = {isa = PBXBuildFile; fileRef = B44E79C21CD0F9C60027FC67 /* DataUtils.swift */; };
		B43F88D31CE3164700DF1C76 /* RunMode.h in Headers */ = {isa = PBXBuildFile; fileRef = B4D2B89A1CCF449C00E5BE52 /* RunMode.h */; settings = {ATTRIBUTES = (Public, ); }; };
		B43F88D41CE3164700DF1C76 /* RunMode.m in Sources */ = {isa = PBXBuildFile; fileRef = B4D2B89B1CCF449C00E5BE52 /* RunMode.m */; };
		B43F88D61CE3164700DF1C76 /* AppSandboxHelper.swift in Sources */ = {isa = PBXBuildFile; fileRef = B4D2B8641CCF430000E5BE52 /* AppSandboxHelper.swift */; };
		B43F88D71CE3164700DF1C76 /* AsyncOperation.swift in Sources */ = {isa = PBXBuildFile; fileRef = B4D2B8651CCF430000E5BE52 /* AsyncOperation.swift */; };
		B43F88D81CE3164700DF1C76 /* Chrono.swift in Sources */ = {isa = PBXBuildFile; fileRef = B4D2B8661CCF430000E5BE52 /* Chrono.swift */; };
		B43F88DA1CE3164700DF1C76 /* CoreDataHelper.swift in Sources */ = {isa = PBXBuildFile; fileRef = B4D2B8681CCF430000E5BE52 /* CoreDataHelper.swift */; };
		B43F88DB1CE3164700DF1C76 /* CoreDataManager.swift in Sources */ = {isa = PBXBuildFile; fileRef = B4D2B8691CCF430000E5BE52 /* CoreDataManager.swift */; };
		B43F88DD1CE3164700DF1C76 /* DateUtils.swift in Sources */ = {isa = PBXBuildFile; fileRef = B4D2B86B1CCF430000E5BE52 /* DateUtils.swift */; };
		B43F88DE1CE3164700DF1C76 /* FileSizeFormatter.swift in Sources */ = {isa = PBXBuildFile; fileRef = B4D2B86C1CCF430000E5BE52 /* FileSizeFormatter.swift */; };
		B43F88E21CE3164700DF1C76 /* MetaNumberFormatter.swift in Sources */ = {isa = PBXBuildFile; fileRef = B4D2B8711CCF430000E5BE52 /* MetaNumberFormatter.swift */; };
		B43F88E31CE3164700DF1C76 /* NSURLRequestHelper.swift in Sources */ = {isa = PBXBuildFile; fileRef = B4D2B8721CCF430000E5BE52 /* NSURLRequestHelper.swift */; };
		B43F88E41CE3164700DF1C76 /* NumberUtils.swift in Sources */ = {isa = PBXBuildFile; fileRef = B4D2B8731CCF430000E5BE52 /* NumberUtils.swift */; };
		B43F88E61CE3164700DF1C76 /* StopTimer.swift in Sources */ = {isa = PBXBuildFile; fileRef = B4D2B8751CCF430000E5BE52 /* StopTimer.swift */; };
		B43F88E71CE3164700DF1C76 /* StringTerminator.swift in Sources */ = {isa = PBXBuildFile; fileRef = B4D2B8761CCF430000E5BE52 /* StringTerminator.swift */; };
		B43F88E91CE3164700DF1C76 /* WeakSet.swift in Sources */ = {isa = PBXBuildFile; fileRef = B4D2B8781CCF430000E5BE52 /* WeakSet.swift */; };
		B43F88F61CE336C100DF1C76 /* LoggerWrapper.swift in Sources */ = {isa = PBXBuildFile; fileRef = B4D2B8981CCF446F00E5BE52 /* LoggerWrapper.swift */; };
		B43F88F71CE336F400DF1C76 /* YNLibOSX.h in Headers */ = {isa = PBXBuildFile; fileRef = B43F88C71CE3163700DF1C76 /* YNLibOSX.h */; settings = {ATTRIBUTES = (Public, ); }; };
		B43F88F81CE3370D00DF1C76 /* SharedDataManager.swift in Sources */ = {isa = PBXBuildFile; fileRef = B49874331CD1FC0B007EB6C4 /* SharedDataManager.swift */; };
		B43F88F91CE3371100DF1C76 /* UserDataHelper.swift in Sources */ = {isa = PBXBuildFile; fileRef = B441E4711CD1F01E0004A5EE /* UserDataHelper.swift */; };
		B43F88FA1CE3371700DF1C76 /* SimpleDDLogFormatter.swift in Sources */ = {isa = PBXBuildFile; fileRef = B441E46B1CD1EFAE0004A5EE /* SimpleDDLogFormatter.swift */; };
		B441E46D1CD1EFAE0004A5EE /* SimpleDDLogFormatter.swift in Sources */ = {isa = PBXBuildFile; fileRef = B441E46B1CD1EFAE0004A5EE /* SimpleDDLogFormatter.swift */; };
		B441E46E1CD1EFAE0004A5EE /* HTTPStatusCodes.swift in Sources */ = {isa = PBXBuildFile; fileRef = B441E46C1CD1EFAE0004A5EE /* HTTPStatusCodes.swift */; };
		B441E4721CD1F01E0004A5EE /* UserDataHelper.swift in Sources */ = {isa = PBXBuildFile; fileRef = B441E4711CD1F01E0004A5EE /* UserDataHelper.swift */; };
		B44E79C31CD0F9C60027FC67 /* DataUtils.swift in Sources */ = {isa = PBXBuildFile; fileRef = B44E79C21CD0F9C60027FC67 /* DataUtils.swift */; };
		B480BB0E1CED7C7200169C69 /* CrashReportWrapper.h in Headers */ = {isa = PBXBuildFile; fileRef = B480BB0C1CED7C7200169C69 /* CrashReportWrapper.h */; settings = {ATTRIBUTES = (Public, ); }; };
		B480BB0F1CED7C7200169C69 /* CrashReportWrapper.m in Sources */ = {isa = PBXBuildFile; fileRef = B480BB0D1CED7C7200169C69 /* CrashReportWrapper.m */; };
		B480BB101CED7C7600169C69 /* CrashReportWrapper.m in Sources */ = {isa = PBXBuildFile; fileRef = B480BB0D1CED7C7200169C69 /* CrashReportWrapper.m */; };
		B480BB141CED7EED00169C69 /* LogArchiverHelper.swift in Sources */ = {isa = PBXBuildFile; fileRef = B480BB131CED7EED00169C69 /* LogArchiverHelper.swift */; };
		B49874341CD1FC0B007EB6C4 /* SharedDataManager.swift in Sources */ = {isa = PBXBuildFile; fileRef = B49874331CD1FC0B007EB6C4 /* SharedDataManager.swift */; };
		B4D2B8541CCF42C200E5BE52 /* YNLib.framework in Frameworks */ = {isa = PBXBuildFile; fileRef = B4D2B8491CCF42C200E5BE52 /* YNLib.framework */; };
		B4D2B8591CCF42C200E5BE52 /* YNLibTests.swift in Sources */ = {isa = PBXBuildFile; fileRef = B4D2B8581CCF42C200E5BE52 /* YNLibTests.swift */; };
		B4D2B87C1CCF430000E5BE52 /* AppSandboxHelper.swift in Sources */ = {isa = PBXBuildFile; fileRef = B4D2B8641CCF430000E5BE52 /* AppSandboxHelper.swift */; };
		B4D2B87D1CCF430000E5BE52 /* AsyncOperation.swift in Sources */ = {isa = PBXBuildFile; fileRef = B4D2B8651CCF430000E5BE52 /* AsyncOperation.swift */; };
		B4D2B87E1CCF430000E5BE52 /* Chrono.swift in Sources */ = {isa = PBXBuildFile; fileRef = B4D2B8661CCF430000E5BE52 /* Chrono.swift */; };
		B4D2B87F1CCF430000E5BE52 /* ColorUtils.swift in Sources */ = {isa = PBXBuildFile; fileRef = B4D2B8671CCF430000E5BE52 /* ColorUtils.swift */; };
		B4D2B8801CCF430000E5BE52 /* CoreDataHelper.swift in Sources */ = {isa = PBXBuildFile; fileRef = B4D2B8681CCF430000E5BE52 /* CoreDataHelper.swift */; };
		B4D2B8811CCF430000E5BE52 /* CoreDataManager.swift in Sources */ = {isa = PBXBuildFile; fileRef = B4D2B8691CCF430000E5BE52 /* CoreDataManager.swift */; };
		B4D2B8821CCF430000E5BE52 /* CTLabel.swift in Sources */ = {isa = PBXBuildFile; fileRef = B4D2B86A1CCF430000E5BE52 /* CTLabel.swift */; };
		B4D2B8831CCF430000E5BE52 /* DateUtils.swift in Sources */ = {isa = PBXBuildFile; fileRef = B4D2B86B1CCF430000E5BE52 /* DateUtils.swift */; };
		B4D2B8841CCF430000E5BE52 /* FileSizeFormatter.swift in Sources */ = {isa = PBXBuildFile; fileRef = B4D2B86C1CCF430000E5BE52 /* FileSizeFormatter.swift */; };
		B4D2B8851CCF430000E5BE52 /* GRToast.swift in Sources */ = {isa = PBXBuildFile; fileRef = B4D2B86D1CCF430000E5BE52 /* GRToast.swift */; };
		B4D2B8861CCF430000E5BE52 /* ImageCompressor.swift in Sources */ = {isa = PBXBuildFile; fileRef = B4D2B86E1CCF430000E5BE52 /* ImageCompressor.swift */; };
		B4D2B8871CCF430000E5BE52 /* ImageUtils.swift in Sources */ = {isa = PBXBuildFile; fileRef = B4D2B86F1CCF430000E5BE52 /* ImageUtils.swift */; };
		B4D2B8881CCF430000E5BE52 /* Info.plist in Resources */ = {isa = PBXBuildFile; fileRef = B4D2B8701CCF430000E5BE52 /* Info.plist */; };
		B4D2B8891CCF430000E5BE52 /* MetaNumberFormatter.swift in Sources */ = {isa = PBXBuildFile; fileRef = B4D2B8711CCF430000E5BE52 /* MetaNumberFormatter.swift */; };
		B4D2B88A1CCF430000E5BE52 /* NSURLRequestHelper.swift in Sources */ = {isa = PBXBuildFile; fileRef = B4D2B8721CCF430000E5BE52 /* NSURLRequestHelper.swift */; };
		B4D2B88B1CCF430000E5BE52 /* NumberUtils.swift in Sources */ = {isa = PBXBuildFile; fileRef = B4D2B8731CCF430000E5BE52 /* NumberUtils.swift */; };
		B4D2B88C1CCF430000E5BE52 /* ScrollHandle.swift in Sources */ = {isa = PBXBuildFile; fileRef = B4D2B8741CCF430000E5BE52 /* ScrollHandle.swift */; };
		B4D2B88D1CCF430000E5BE52 /* StopTimer.swift in Sources */ = {isa = PBXBuildFile; fileRef = B4D2B8751CCF430000E5BE52 /* StopTimer.swift */; };
		B4D2B88E1CCF430000E5BE52 /* StringTerminator.swift in Sources */ = {isa = PBXBuildFile; fileRef = B4D2B8761CCF430000E5BE52 /* StringTerminator.swift */; };
		B4D2B88F1CCF430000E5BE52 /* UIView+Frame.swift in Sources */ = {isa = PBXBuildFile; fileRef = B4D2B8771CCF430000E5BE52 /* UIView+Frame.swift */; };
		B4D2B8901CCF430000E5BE52 /* WeakSet.swift in Sources */ = {isa = PBXBuildFile; fileRef = B4D2B8781CCF430000E5BE52 /* WeakSet.swift */; };
		B4D2B8991CCF446F00E5BE52 /* LoggerWrapper.swift in Sources */ = {isa = PBXBuildFile; fileRef = B4D2B8981CCF446F00E5BE52 /* LoggerWrapper.swift */; };
		B4D2B89C1CCF449C00E5BE52 /* RunMode.h in Headers */ = {isa = PBXBuildFile; fileRef = B4D2B89A1CCF449C00E5BE52 /* RunMode.h */; settings = {ATTRIBUTES = (Public, ); }; };
		B4D2B89D1CCF449C00E5BE52 /* RunMode.m in Sources */ = {isa = PBXBuildFile; fileRef = B4D2B89B1CCF449C00E5BE52 /* RunMode.m */; };
/* End PBXBuildFile section */

/* Begin PBXContainerItemProxy section */
		B4D2B8551CCF42C200E5BE52 /* PBXContainerItemProxy */ = {
			isa = PBXContainerItemProxy;
			containerPortal = B4D2B8401CCF42C100E5BE52 /* Project object */;
			proxyType = 1;
			remoteGlobalIDString = B4D2B8481CCF42C200E5BE52;
			remoteInfo = YNLib;
		};
/* End PBXContainerItemProxy section */

/* Begin PBXFileReference section */
		07B4D63EAAFED4321C0978D5 /* Pods-YNLib.release.xcconfig */ = {isa = PBXFileReference; includeInIndex = 1; lastKnownFileType = text.xcconfig; name = "Pods-YNLib.release.xcconfig"; path = "Pods/Target Support Files/Pods-YNLib/Pods-YNLib.release.xcconfig"; sourceTree = "<group>"; };
		0F935472F6C0664503D8BC6B /* Pods.framework */ = {isa = PBXFileReference; explicitFileType = wrapper.framework; includeInIndex = 0; path = Pods.framework; sourceTree = BUILT_PRODUCTS_DIR; };
		9368EE66F025C4E8840D6C9F /* Pods-YNLib.debug.xcconfig */ = {isa = PBXFileReference; includeInIndex = 1; lastKnownFileType = text.xcconfig; name = "Pods-YNLib.debug.xcconfig"; path = "Pods/Target Support Files/Pods-YNLib/Pods-YNLib.debug.xcconfig"; sourceTree = "<group>"; };
		A7E8D32621A04E318B986086 /* Pods_YNLib.framework */ = {isa = PBXFileReference; explicitFileType = wrapper.framework; includeInIndex = 0; path = Pods_YNLib.framework; sourceTree = BUILT_PRODUCTS_DIR; };
		B4212A181CD061C300A7AB20 /* YNLib.h */ = {isa = PBXFileReference; fileEncoding = 4; lastKnownFileType = sourcecode.c.h; path = YNLib.h; sourceTree = "<group>"; };
		B43F88C51CE3163700DF1C76 /* YNLibOSX.framework */ = {isa = PBXFileReference; explicitFileType = wrapper.framework; includeInIndex = 0; path = YNLibOSX.framework; sourceTree = BUILT_PRODUCTS_DIR; };
		B43F88C71CE3163700DF1C76 /* YNLibOSX.h */ = {isa = PBXFileReference; lastKnownFileType = sourcecode.c.h; path = YNLibOSX.h; sourceTree = "<group>"; };
		B43F88C91CE3163700DF1C76 /* Info.plist */ = {isa = PBXFileReference; lastKnownFileType = text.plist.xml; path = Info.plist; sourceTree = "<group>"; };
		B43F88EA1CE3195E00DF1C76 /* CocoaLumberjack.framework */ = {isa = PBXFileReference; lastKnownFileType = wrapper.framework; name = CocoaLumberjack.framework; path = "../../../Library/Developer/Xcode/DerivedData/YNLib-fechodvizccaxndqjjitgzzckxkt/Build/Products/Debug-iphoneos/CocoaLumberjack.framework"; sourceTree = "<group>"; };
		B441E46B1CD1EFAE0004A5EE /* SimpleDDLogFormatter.swift */ = {isa = PBXFileReference; fileEncoding = 4; lastKnownFileType = sourcecode.swift; path = SimpleDDLogFormatter.swift; sourceTree = "<group>"; };
		B441E46C1CD1EFAE0004A5EE /* HTTPStatusCodes.swift */ = {isa = PBXFileReference; fileEncoding = 4; lastKnownFileType = sourcecode.swift; path = HTTPStatusCodes.swift; sourceTree = "<group>"; };
		B441E4711CD1F01E0004A5EE /* UserDataHelper.swift */ = {isa = PBXFileReference; fileEncoding = 4; lastKnownFileType = sourcecode.swift; path = UserDataHelper.swift; sourceTree = "<group>"; };
		B44E79C21CD0F9C60027FC67 /* DataUtils.swift */ = {isa = PBXFileReference; fileEncoding = 4; lastKnownFileType = sourcecode.swift; path = DataUtils.swift; sourceTree = "<group>"; };
		B480BB0C1CED7C7200169C69 /* CrashReportWrapper.h */ = {isa = PBXFileReference; fileEncoding = 4; lastKnownFileType = sourcecode.c.h; path = CrashReportWrapper.h; sourceTree = "<group>"; };
		B480BB0D1CED7C7200169C69 /* CrashReportWrapper.m */ = {isa = PBXFileReference; fileEncoding = 4; lastKnownFileType = sourcecode.c.objc; path = CrashReportWrapper.m; sourceTree = "<group>"; };
		B480BB131CED7EED00169C69 /* LogArchiverHelper.swift */ = {isa = PBXFileReference; fileEncoding = 4; lastKnownFileType = sourcecode.swift; path = LogArchiverHelper.swift; sourceTree = "<group>"; };
		B49874331CD1FC0B007EB6C4 /* SharedDataManager.swift */ = {isa = PBXFileReference; fileEncoding = 4; lastKnownFileType = sourcecode.swift; path = SharedDataManager.swift; sourceTree = "<group>"; };
		B4D2B8491CCF42C200E5BE52 /* YNLib.framework */ = {isa = PBXFileReference; explicitFileType = wrapper.framework; includeInIndex = 0; path = YNLib.framework; sourceTree = BUILT_PRODUCTS_DIR; };
		B4D2B84E1CCF42C200E5BE52 /* Info.plist */ = {isa = PBXFileReference; lastKnownFileType = text.plist.xml; path = Info.plist; sourceTree = "<group>"; };
		B4D2B8531CCF42C200E5BE52 /* YNLibTests.xctest */ = {isa = PBXFileReference; explicitFileType = wrapper.cfbundle; includeInIndex = 0; path = YNLibTests.xctest; sourceTree = BUILT_PRODUCTS_DIR; };
		B4D2B8581CCF42C200E5BE52 /* YNLibTests.swift */ = {isa = PBXFileReference; lastKnownFileType = sourcecode.swift; path = YNLibTests.swift; sourceTree = "<group>"; };
		B4D2B85A1CCF42C200E5BE52 /* Info.plist */ = {isa = PBXFileReference; lastKnownFileType = text.plist.xml; path = Info.plist; sourceTree = "<group>"; };
		B4D2B8641CCF430000E5BE52 /* AppSandboxHelper.swift */ = {isa = PBXFileReference; fileEncoding = 4; lastKnownFileType = sourcecode.swift; path = AppSandboxHelper.swift; sourceTree = "<group>"; };
		B4D2B8651CCF430000E5BE52 /* AsyncOperation.swift */ = {isa = PBXFileReference; fileEncoding = 4; lastKnownFileType = sourcecode.swift; path = AsyncOperation.swift; sourceTree = "<group>"; };
		B4D2B8661CCF430000E5BE52 /* Chrono.swift */ = {isa = PBXFileReference; fileEncoding = 4; lastKnownFileType = sourcecode.swift; path = Chrono.swift; sourceTree = "<group>"; };
		B4D2B8671CCF430000E5BE52 /* ColorUtils.swift */ = {isa = PBXFileReference; fileEncoding = 4; lastKnownFileType = sourcecode.swift; path = ColorUtils.swift; sourceTree = "<group>"; };
		B4D2B8681CCF430000E5BE52 /* CoreDataHelper.swift */ = {isa = PBXFileReference; fileEncoding = 4; lastKnownFileType = sourcecode.swift; path = CoreDataHelper.swift; sourceTree = "<group>"; };
		B4D2B8691CCF430000E5BE52 /* CoreDataManager.swift */ = {isa = PBXFileReference; fileEncoding = 4; lastKnownFileType = sourcecode.swift; path = CoreDataManager.swift; sourceTree = "<group>"; };
		B4D2B86A1CCF430000E5BE52 /* CTLabel.swift */ = {isa = PBXFileReference; fileEncoding = 4; lastKnownFileType = sourcecode.swift; path = CTLabel.swift; sourceTree = "<group>"; };
		B4D2B86B1CCF430000E5BE52 /* DateUtils.swift */ = {isa = PBXFileReference; fileEncoding = 4; lastKnownFileType = sourcecode.swift; path = DateUtils.swift; sourceTree = "<group>"; };
		B4D2B86C1CCF430000E5BE52 /* FileSizeFormatter.swift */ = {isa = PBXFileReference; fileEncoding = 4; lastKnownFileType = sourcecode.swift; path = FileSizeFormatter.swift; sourceTree = "<group>"; };
		B4D2B86D1CCF430000E5BE52 /* GRToast.swift */ = {isa = PBXFileReference; fileEncoding = 4; lastKnownFileType = sourcecode.swift; path = GRToast.swift; sourceTree = "<group>"; };
		B4D2B86E1CCF430000E5BE52 /* ImageCompressor.swift */ = {isa = PBXFileReference; fileEncoding = 4; lastKnownFileType = sourcecode.swift; path = ImageCompressor.swift; sourceTree = "<group>"; };
		B4D2B86F1CCF430000E5BE52 /* ImageUtils.swift */ = {isa = PBXFileReference; fileEncoding = 4; lastKnownFileType = sourcecode.swift; path = ImageUtils.swift; sourceTree = "<group>"; };
		B4D2B8701CCF430000E5BE52 /* Info.plist */ = {isa = PBXFileReference; fileEncoding = 4; lastKnownFileType = text.plist.xml; path = Info.plist; sourceTree = "<group>"; };
		B4D2B8711CCF430000E5BE52 /* MetaNumberFormatter.swift */ = {isa = PBXFileReference; fileEncoding = 4; lastKnownFileType = sourcecode.swift; path = MetaNumberFormatter.swift; sourceTree = "<group>"; };
		B4D2B8721CCF430000E5BE52 /* NSURLRequestHelper.swift */ = {isa = PBXFileReference; fileEncoding = 4; lastKnownFileType = sourcecode.swift; path = NSURLRequestHelper.swift; sourceTree = "<group>"; };
		B4D2B8731CCF430000E5BE52 /* NumberUtils.swift */ = {isa = PBXFileReference; fileEncoding = 4; lastKnownFileType = sourcecode.swift; path = NumberUtils.swift; sourceTree = "<group>"; };
		B4D2B8741CCF430000E5BE52 /* ScrollHandle.swift */ = {isa = PBXFileReference; fileEncoding = 4; lastKnownFileType = sourcecode.swift; path = ScrollHandle.swift; sourceTree = "<group>"; };
		B4D2B8751CCF430000E5BE52 /* StopTimer.swift */ = {isa = PBXFileReference; fileEncoding = 4; lastKnownFileType = sourcecode.swift; path = StopTimer.swift; sourceTree = "<group>"; };
		B4D2B8761CCF430000E5BE52 /* StringTerminator.swift */ = {isa = PBXFileReference; fileEncoding = 4; lastKnownFileType = sourcecode.swift; path = StringTerminator.swift; sourceTree = "<group>"; };
		B4D2B8771CCF430000E5BE52 /* UIView+Frame.swift */ = {isa = PBXFileReference; fileEncoding = 4; lastKnownFileType = sourcecode.swift; path = "UIView+Frame.swift"; sourceTree = "<group>"; };
		B4D2B8781CCF430000E5BE52 /* WeakSet.swift */ = {isa = PBXFileReference; fileEncoding = 4; lastKnownFileType = sourcecode.swift; path = WeakSet.swift; sourceTree = "<group>"; };
		B4D2B8981CCF446F00E5BE52 /* LoggerWrapper.swift */ = {isa = PBXFileReference; fileEncoding = 4; lastKnownFileType = sourcecode.swift; path = LoggerWrapper.swift; sourceTree = "<group>"; };
		B4D2B89A1CCF449C00E5BE52 /* RunMode.h */ = {isa = PBXFileReference; fileEncoding = 4; lastKnownFileType = sourcecode.c.h; path = RunMode.h; sourceTree = "<group>"; };
		B4D2B89B1CCF449C00E5BE52 /* RunMode.m */ = {isa = PBXFileReference; fileEncoding = 4; lastKnownFileType = sourcecode.c.objc; path = RunMode.m; sourceTree = "<group>"; };
		BEFC1D4E32FEA8D6D20979E3 /* Pods-YNLibOSX.release.xcconfig */ = {isa = PBXFileReference; includeInIndex = 1; lastKnownFileType = text.xcconfig; name = "Pods-YNLibOSX.release.xcconfig"; path = "Pods/Target Support Files/Pods-YNLibOSX/Pods-YNLibOSX.release.xcconfig"; sourceTree = "<group>"; };
		C56F0A3A11F72014369662FF /* Pods-YNLibOSX.debug.xcconfig */ = {isa = PBXFileReference; includeInIndex = 1; lastKnownFileType = text.xcconfig; name = "Pods-YNLibOSX.debug.xcconfig"; path = "Pods/Target Support Files/Pods-YNLibOSX/Pods-YNLibOSX.debug.xcconfig"; sourceTree = "<group>"; };
		F2A7CED53D932C887A7600D6 /* Pods_YNLibOSX.framework */ = {isa = PBXFileReference; explicitFileType = wrapper.framework; includeInIndex = 0; path = Pods_YNLibOSX.framework; sourceTree = BUILT_PRODUCTS_DIR; };
/* End PBXFileReference section */

/* Begin PBXFrameworksBuildPhase section */
		B43F88C11CE3163700DF1C76 /* Frameworks */ = {
			isa = PBXFrameworksBuildPhase;
			buildActionMask = 2147483647;
			files = (
				948337F3065A000B584D209F /* Pods_YNLibOSX.framework in Frameworks */,
			);
			runOnlyForDeploymentPostprocessing = 0;
		};
		B4D2B8451CCF42C200E5BE52 /* Frameworks */ = {
			isa = PBXFrameworksBuildPhase;
			buildActionMask = 2147483647;
			files = (
				09BC17B49553860DA305D90B /* Pods_YNLib.framework in Frameworks */,
			);
			runOnlyForDeploymentPostprocessing = 0;
		};
		B4D2B8501CCF42C200E5BE52 /* Frameworks */ = {
			isa = PBXFrameworksBuildPhase;
			buildActionMask = 2147483647;
			files = (
				B4D2B8541CCF42C200E5BE52 /* YNLib.framework in Frameworks */,
			);
			runOnlyForDeploymentPostprocessing = 0;
		};
/* End PBXFrameworksBuildPhase section */

/* Begin PBXGroup section */
		585E721F5F23D32235AA09A9 /* Frameworks */ = {
			isa = PBXGroup;
			children = (
				B43F88EA1CE3195E00DF1C76 /* CocoaLumberjack.framework */,
				0F935472F6C0664503D8BC6B /* Pods.framework */,
				A7E8D32621A04E318B986086 /* Pods_YNLib.framework */,
				F2A7CED53D932C887A7600D6 /* Pods_YNLibOSX.framework */,
			);
			name = Frameworks;
			sourceTree = "<group>";
		};
		B43F88C61CE3163700DF1C76 /* YNLibOSX */ = {
			isa = PBXGroup;
			children = (
				B43F88C71CE3163700DF1C76 /* YNLibOSX.h */,
				B43F88C91CE3163700DF1C76 /* Info.plist */,
			);
			path = YNLibOSX;
			sourceTree = "<group>";
		};
		B4D2B83F1CCF42C100E5BE52 = {
			isa = PBXGroup;
			children = (
				B4D2B84B1CCF42C200E5BE52 /* YNLib */,
				B4D2B8571CCF42C200E5BE52 /* YNLibTests */,
				B43F88C61CE3163700DF1C76 /* YNLibOSX */,
				B4D2B84A1CCF42C200E5BE52 /* Products */,
				585E721F5F23D32235AA09A9 /* Frameworks */,
				F8C7B6FE48573C720EDB7148 /* Pods */,
			);
			sourceTree = "<group>";
		};
		B4D2B84A1CCF42C200E5BE52 /* Products */ = {
			isa = PBXGroup;
			children = (
				B4D2B8491CCF42C200E5BE52 /* YNLib.framework */,
				B4D2B8531CCF42C200E5BE52 /* YNLibTests.xctest */,
				B43F88C51CE3163700DF1C76 /* YNLibOSX.framework */,
			);
			name = Products;
			sourceTree = "<group>";
		};
		B4D2B84B1CCF42C200E5BE52 /* YNLib */ = {
			isa = PBXGroup;
			children = (
				B4D2B8631CCF430000E5BE52 /* Sources */,
				B4D2B84E1CCF42C200E5BE52 /* Info.plist */,
			);
			path = YNLib;
			sourceTree = "<group>";
		};
		B4D2B8571CCF42C200E5BE52 /* YNLibTests */ = {
			isa = PBXGroup;
			children = (
				B4D2B8581CCF42C200E5BE52 /* YNLibTests.swift */,
				B4D2B85A1CCF42C200E5BE52 /* Info.plist */,
			);
			path = YNLibTests;
			sourceTree = "<group>";
		};
		B4D2B8631CCF430000E5BE52 /* Sources */ = {
			isa = PBXGroup;
			children = (
				B480BB131CED7EED00169C69 /* LogArchiverHelper.swift */,
				B49874331CD1FC0B007EB6C4 /* SharedDataManager.swift */,
				B441E4711CD1F01E0004A5EE /* UserDataHelper.swift */,
				B441E46B1CD1EFAE0004A5EE /* SimpleDDLogFormatter.swift */,
				B441E46C1CD1EFAE0004A5EE /* HTTPStatusCodes.swift */,
				B44E79C21CD0F9C60027FC67 /* DataUtils.swift */,
				B4212A181CD061C300A7AB20 /* YNLib.h */,
				B4D2B89A1CCF449C00E5BE52 /* RunMode.h */,
				B4D2B89B1CCF449C00E5BE52 /* RunMode.m */,
				B4D2B8981CCF446F00E5BE52 /* LoggerWrapper.swift */,
				B4D2B8641CCF430000E5BE52 /* AppSandboxHelper.swift */,
				B4D2B8651CCF430000E5BE52 /* AsyncOperation.swift */,
				B4D2B8661CCF430000E5BE52 /* Chrono.swift */,
				B4D2B8671CCF430000E5BE52 /* ColorUtils.swift */,
				B4D2B8681CCF430000E5BE52 /* CoreDataHelper.swift */,
				B4D2B8691CCF430000E5BE52 /* CoreDataManager.swift */,
				B4D2B86A1CCF430000E5BE52 /* CTLabel.swift */,
				B4D2B86B1CCF430000E5BE52 /* DateUtils.swift */,
				B4D2B86C1CCF430000E5BE52 /* FileSizeFormatter.swift */,
				B4D2B86D1CCF430000E5BE52 /* GRToast.swift */,
				B4D2B86E1CCF430000E5BE52 /* ImageCompressor.swift */,
				B4D2B86F1CCF430000E5BE52 /* ImageUtils.swift */,
				B4D2B8701CCF430000E5BE52 /* Info.plist */,
				B4D2B8711CCF430000E5BE52 /* MetaNumberFormatter.swift */,
				B4D2B8721CCF430000E5BE52 /* NSURLRequestHelper.swift */,
				B4D2B8731CCF430000E5BE52 /* NumberUtils.swift */,
				B4D2B8741CCF430000E5BE52 /* ScrollHandle.swift */,
				B4D2B8751CCF430000E5BE52 /* StopTimer.swift */,
				B4D2B8761CCF430000E5BE52 /* StringTerminator.swift */,
				B4D2B8771CCF430000E5BE52 /* UIView+Frame.swift */,
				B4D2B8781CCF430000E5BE52 /* WeakSet.swift */,
				B480BB0C1CED7C7200169C69 /* CrashReportWrapper.h */,
				B480BB0D1CED7C7200169C69 /* CrashReportWrapper.m */,
			);
			path = Sources;
			sourceTree = SOURCE_ROOT;
		};
		F8C7B6FE48573C720EDB7148 /* Pods */ = {
			isa = PBXGroup;
			children = (
				9368EE66F025C4E8840D6C9F /* Pods-YNLib.debug.xcconfig */,
				07B4D63EAAFED4321C0978D5 /* Pods-YNLib.release.xcconfig */,
				C56F0A3A11F72014369662FF /* Pods-YNLibOSX.debug.xcconfig */,
				BEFC1D4E32FEA8D6D20979E3 /* Pods-YNLibOSX.release.xcconfig */,
			);
			name = Pods;
			sourceTree = "<group>";
		};
/* End PBXGroup section */

/* Begin PBXHeadersBuildPhase section */
		B43F88C21CE3163700DF1C76 /* Headers */ = {
			isa = PBXHeadersBuildPhase;
			buildActionMask = 2147483647;
			files = (
				B43F88F71CE336F400DF1C76 /* YNLibOSX.h in Headers */,
				B43F88D31CE3164700DF1C76 /* RunMode.h in Headers */,
			);
			runOnlyForDeploymentPostprocessing = 0;
		};
		B4D2B8461CCF42C200E5BE52 /* Headers */ = {
			isa = PBXHeadersBuildPhase;
			buildActionMask = 2147483647;
			files = (
				B4212A191CD061C300A7AB20 /* YNLib.h in Headers */,
				B4D2B89C1CCF449C00E5BE52 /* RunMode.h in Headers */,
				B480BB0E1CED7C7200169C69 /* CrashReportWrapper.h in Headers */,
			);
			runOnlyForDeploymentPostprocessing = 0;
		};
/* End PBXHeadersBuildPhase section */

/* Begin PBXNativeTarget section */
		B43F88C41CE3163700DF1C76 /* YNLibOSX */ = {
			isa = PBXNativeTarget;
			buildConfigurationList = B43F88CC1CE3163700DF1C76 /* Build configuration list for PBXNativeTarget "YNLibOSX" */;
			buildPhases = (
				18BCE32166BE1B4E602B527F /* 📦 Check Pods Manifest.lock */,
				B43F88C01CE3163700DF1C76 /* Sources */,
				B43F88C11CE3163700DF1C76 /* Frameworks */,
				B43F88C21CE3163700DF1C76 /* Headers */,
				B43F88C31CE3163700DF1C76 /* Resources */,
				DAABECBA671BD09B772540B4 /* 📦 Copy Pods Resources */,
			);
			buildRules = (
			);
			dependencies = (
			);
			name = YNLibOSX;
			productName = YNLibOSX;
			productReference = B43F88C51CE3163700DF1C76 /* YNLibOSX.framework */;
			productType = "com.apple.product-type.framework";
		};
		B4D2B8481CCF42C200E5BE52 /* YNLib */ = {
			isa = PBXNativeTarget;
			buildConfigurationList = B4D2B85D1CCF42C200E5BE52 /* Build configuration list for PBXNativeTarget "YNLib" */;
			buildPhases = (
				66711ECAC060C1330E834B9C /* 📦 Check Pods Manifest.lock */,
				B4D2B8441CCF42C200E5BE52 /* Sources */,
				B4D2B8451CCF42C200E5BE52 /* Frameworks */,
				B4D2B8461CCF42C200E5BE52 /* Headers */,
				B4D2B8471CCF42C200E5BE52 /* Resources */,
				16D53D5AFD0676490F65D232 /* 📦 Copy Pods Resources */,
			);
			buildRules = (
			);
			dependencies = (
			);
			name = YNLib;
			productName = YNLib;
			productReference = B4D2B8491CCF42C200E5BE52 /* YNLib.framework */;
			productType = "com.apple.product-type.framework";
		};
		B4D2B8521CCF42C200E5BE52 /* YNLibTests */ = {
			isa = PBXNativeTarget;
			buildConfigurationList = B4D2B8601CCF42C200E5BE52 /* Build configuration list for PBXNativeTarget "YNLibTests" */;
			buildPhases = (
				B4D2B84F1CCF42C200E5BE52 /* Sources */,
				B4D2B8501CCF42C200E5BE52 /* Frameworks */,
				B4D2B8511CCF42C200E5BE52 /* Resources */,
			);
			buildRules = (
			);
			dependencies = (
				B4D2B8561CCF42C200E5BE52 /* PBXTargetDependency */,
			);
			name = YNLibTests;
			productName = YNLibTests;
			productReference = B4D2B8531CCF42C200E5BE52 /* YNLibTests.xctest */;
			productType = "com.apple.product-type.bundle.unit-test";
		};
/* End PBXNativeTarget section */

/* Begin PBXProject section */
		B4D2B8401CCF42C100E5BE52 /* Project object */ = {
			isa = PBXProject;
			attributes = {
				LastSwiftUpdateCheck = 0730;
				LastUpgradeCheck = 0730;
				ORGANIZATIONNAME = yunio;
				TargetAttributes = {
					B43F88C41CE3163700DF1C76 = {
						CreatedOnToolsVersion = 7.3.1;
					};
					B4D2B8481CCF42C200E5BE52 = {
						CreatedOnToolsVersion = 7.3;
					};
					B4D2B8521CCF42C200E5BE52 = {
						CreatedOnToolsVersion = 7.3;
					};
				};
			};
			buildConfigurationList = B4D2B8431CCF42C100E5BE52 /* Build configuration list for PBXProject "YNLib" */;
			compatibilityVersion = "Xcode 3.2";
			developmentRegion = English;
			hasScannedForEncodings = 0;
			knownRegions = (
				en,
			);
			mainGroup = B4D2B83F1CCF42C100E5BE52;
			productRefGroup = B4D2B84A1CCF42C200E5BE52 /* Products */;
			projectDirPath = "";
			projectRoot = "";
			targets = (
				B4D2B8481CCF42C200E5BE52 /* YNLib */,
				B4D2B8521CCF42C200E5BE52 /* YNLibTests */,
				B43F88C41CE3163700DF1C76 /* YNLibOSX */,
			);
		};
/* End PBXProject section */

/* Begin PBXResourcesBuildPhase section */
		B43F88C31CE3163700DF1C76 /* Resources */ = {
			isa = PBXResourcesBuildPhase;
			buildActionMask = 2147483647;
			files = (
			);
			runOnlyForDeploymentPostprocessing = 0;
		};
		B4D2B8471CCF42C200E5BE52 /* Resources */ = {
			isa = PBXResourcesBuildPhase;
			buildActionMask = 2147483647;
			files = (
				B4D2B8881CCF430000E5BE52 /* Info.plist in Resources */,
			);
			runOnlyForDeploymentPostprocessing = 0;
		};
		B4D2B8511CCF42C200E5BE52 /* Resources */ = {
			isa = PBXResourcesBuildPhase;
			buildActionMask = 2147483647;
			files = (
			);
			runOnlyForDeploymentPostprocessing = 0;
		};
/* End PBXResourcesBuildPhase section */

/* Begin PBXShellScriptBuildPhase section */
		16D53D5AFD0676490F65D232 /* 📦 Copy Pods Resources */ = {
			isa = PBXShellScriptBuildPhase;
			buildActionMask = 2147483647;
			files = (
			);
			inputPaths = (
			);
			name = "📦 Copy Pods Resources";
			outputPaths = (
			);
			runOnlyForDeploymentPostprocessing = 0;
			shellPath = /bin/sh;
			shellScript = "\"${SRCROOT}/Pods/Target Support Files/Pods-YNLib/Pods-YNLib-resources.sh\"\n";
			showEnvVarsInLog = 0;
		};
		18BCE32166BE1B4E602B527F /* 📦 Check Pods Manifest.lock */ = {
			isa = PBXShellScriptBuildPhase;
			buildActionMask = 2147483647;
			files = (
			);
			inputPaths = (
			);
			name = "📦 Check Pods Manifest.lock";
			outputPaths = (
			);
			runOnlyForDeploymentPostprocessing = 0;
			shellPath = /bin/sh;
			shellScript = "diff \"${PODS_ROOT}/../Podfile.lock\" \"${PODS_ROOT}/Manifest.lock\" > /dev/null\nif [[ $? != 0 ]] ; then\n    cat << EOM\nerror: The sandbox is not in sync with the Podfile.lock. Run 'pod install' or update your CocoaPods installation.\nEOM\n    exit 1\nfi\n";
			showEnvVarsInLog = 0;
		};
		66711ECAC060C1330E834B9C /* 📦 Check Pods Manifest.lock */ = {
			isa = PBXShellScriptBuildPhase;
			buildActionMask = 2147483647;
			files = (
			);
			inputPaths = (
			);
			name = "📦 Check Pods Manifest.lock";
			outputPaths = (
			);
			runOnlyForDeploymentPostprocessing = 0;
			shellPath = /bin/sh;
			shellScript = "diff \"${PODS_ROOT}/../Podfile.lock\" \"${PODS_ROOT}/Manifest.lock\" > /dev/null\nif [[ $? != 0 ]] ; then\n    cat << EOM\nerror: The sandbox is not in sync with the Podfile.lock. Run 'pod install' or update your CocoaPods installation.\nEOM\n    exit 1\nfi\n";
			showEnvVarsInLog = 0;
		};
		DAABECBA671BD09B772540B4 /* 📦 Copy Pods Resources */ = {
			isa = PBXShellScriptBuildPhase;
			buildActionMask = 2147483647;
			files = (
			);
			inputPaths = (
			);
			name = "📦 Copy Pods Resources";
			outputPaths = (
			);
			runOnlyForDeploymentPostprocessing = 0;
			shellPath = /bin/sh;
			shellScript = "\"${SRCROOT}/Pods/Target Support Files/Pods-YNLibOSX/Pods-YNLibOSX-resources.sh\"\n";
			showEnvVarsInLog = 0;
		};
/* End PBXShellScriptBuildPhase section */

/* Begin PBXSourcesBuildPhase section */
		B43F88C01CE3163700DF1C76 /* Sources */ = {
			isa = PBXSourcesBuildPhase;
			buildActionMask = 2147483647;
			files = (
				B43F88DE1CE3164700DF1C76 /* FileSizeFormatter.swift in Sources */,
				B43F88FA1CE3371700DF1C76 /* SimpleDDLogFormatter.swift in Sources */,
				B43F88E41CE3164700DF1C76 /* NumberUtils.swift in Sources */,
				B43F88E21CE3164700DF1C76 /* MetaNumberFormatter.swift in Sources */,
				B43F88F61CE336C100DF1C76 /* LoggerWrapper.swift in Sources */,
				B43F88F91CE3371100DF1C76 /* UserDataHelper.swift in Sources */,
				B43F88E31CE3164700DF1C76 /* NSURLRequestHelper.swift in Sources */,
				B43F88D61CE3164700DF1C76 /* AppSandboxHelper.swift in Sources */,
				B43F88E91CE3164700DF1C76 /* WeakSet.swift in Sources */,
				B43F88E71CE3164700DF1C76 /* StringTerminator.swift in Sources */,
				B43F88D11CE3164700DF1C76 /* DataUtils.swift in Sources */,
				B43F88D01CE3164700DF1C76 /* HTTPStatusCodes.swift in Sources */,
				B43F88F81CE3370D00DF1C76 /* SharedDataManager.swift in Sources */,
				B43F88DA1CE3164700DF1C76 /* CoreDataHelper.swift in Sources */,
				B43F88DD1CE3164700DF1C76 /* DateUtils.swift in Sources */,
				B43F88DB1CE3164700DF1C76 /* CoreDataManager.swift in Sources */,
				B43F88D81CE3164700DF1C76 /* Chrono.swift in Sources */,
				B43F88E61CE3164700DF1C76 /* StopTimer.swift in Sources */,
				B480BB101CED7C7600169C69 /* CrashReportWrapper.m in Sources */,
				B43F88D41CE3164700DF1C76 /* RunMode.m in Sources */,
				B43F88D71CE3164700DF1C76 /* AsyncOperation.swift in Sources */,
			);
			runOnlyForDeploymentPostprocessing = 0;
		};
		B4D2B8441CCF42C200E5BE52 /* Sources */ = {
			isa = PBXSourcesBuildPhase;
			buildActionMask = 2147483647;
			files = (
				B480BB141CED7EED00169C69 /* LogArchiverHelper.swift in Sources */,
				B4D2B8811CCF430000E5BE52 /* CoreDataManager.swift in Sources */,
				B4D2B88B1CCF430000E5BE52 /* NumberUtils.swift in Sources */,
				B4D2B8831CCF430000E5BE52 /* DateUtils.swift in Sources */,
				B441E46D1CD1EFAE0004A5EE /* SimpleDDLogFormatter.swift in Sources */,
				B4D2B8851CCF430000E5BE52 /* GRToast.swift in Sources */,
				B4D2B88F1CCF430000E5BE52 /* UIView+Frame.swift in Sources */,
				B4D2B8861CCF430000E5BE52 /* ImageCompressor.swift in Sources */,
				B441E46E1CD1EFAE0004A5EE /* HTTPStatusCodes.swift in Sources */,
				B4D2B8801CCF430000E5BE52 /* CoreDataHelper.swift in Sources */,
				B4D2B8821CCF430000E5BE52 /* CTLabel.swift in Sources */,
				B49874341CD1FC0B007EB6C4 /* SharedDataManager.swift in Sources */,
				B4D2B87D1CCF430000E5BE52 /* AsyncOperation.swift in Sources */,
				B4D2B88C1CCF430000E5BE52 /* ScrollHandle.swift in Sources */,
				B4D2B87C1CCF430000E5BE52 /* AppSandboxHelper.swift in Sources */,
				B4D2B8841CCF430000E5BE52 /* FileSizeFormatter.swift in Sources */,
				B4D2B88D1CCF430000E5BE52 /* StopTimer.swift in Sources */,
				B4D2B8891CCF430000E5BE52 /* MetaNumberFormatter.swift in Sources */,
				B4D2B87E1CCF430000E5BE52 /* Chrono.swift in Sources */,
				B4D2B87F1CCF430000E5BE52 /* ColorUtils.swift in Sources */,
				B4D2B8901CCF430000E5BE52 /* WeakSet.swift in Sources */,
				B4D2B88E1CCF430000E5BE52 /* StringTerminator.swift in Sources */,
				B4D2B88A1CCF430000E5BE52 /* NSURLRequestHelper.swift in Sources */,
				B4D2B8871CCF430000E5BE52 /* ImageUtils.swift in Sources */,
				B4D2B8991CCF446F00E5BE52 /* LoggerWrapper.swift in Sources */,
				B441E4721CD1F01E0004A5EE /* UserDataHelper.swift in Sources */,
				B480BB0F1CED7C7200169C69 /* CrashReportWrapper.m in Sources */,
				B44E79C31CD0F9C60027FC67 /* DataUtils.swift in Sources */,
				B4D2B89D1CCF449C00E5BE52 /* RunMode.m in Sources */,
			);
			runOnlyForDeploymentPostprocessing = 0;
		};
		B4D2B84F1CCF42C200E5BE52 /* Sources */ = {
			isa = PBXSourcesBuildPhase;
			buildActionMask = 2147483647;
			files = (
				B4D2B8591CCF42C200E5BE52 /* YNLibTests.swift in Sources */,
			);
			runOnlyForDeploymentPostprocessing = 0;
		};
/* End PBXSourcesBuildPhase section */

/* Begin PBXTargetDependency section */
		B4D2B8561CCF42C200E5BE52 /* PBXTargetDependency */ = {
			isa = PBXTargetDependency;
			target = B4D2B8481CCF42C200E5BE52 /* YNLib */;
			targetProxy = B4D2B8551CCF42C200E5BE52 /* PBXContainerItemProxy */;
		};
/* End PBXTargetDependency section */

/* Begin XCBuildConfiguration section */
		B43F88CA1CE3163700DF1C76 /* Debug */ = {
			isa = XCBuildConfiguration;
			baseConfigurationReference = C56F0A3A11F72014369662FF /* Pods-YNLibOSX.debug.xcconfig */;
			buildSettings = {
				CODE_SIGN_IDENTITY = "-";
				COMBINE_HIDPI_IMAGES = YES;
				DEFINES_MODULE = YES;
				DYLIB_COMPATIBILITY_VERSION = 1;
				DYLIB_CURRENT_VERSION = 1;
				DYLIB_INSTALL_NAME_BASE = "@rpath";
				FRAMEWORK_VERSION = A;
				INFOPLIST_FILE = YNLibOSX/Info.plist;
				INSTALL_PATH = "$(LOCAL_LIBRARY_DIR)/Frameworks";
				LD_RUNPATH_SEARCH_PATHS = "$(inherited) @executable_path/../Frameworks @loader_path/Frameworks";
				MACOSX_DEPLOYMENT_TARGET = 10.11;
				PRODUCT_BUNDLE_IDENTIFIER = com.yunio.YNLibOSX;
				PRODUCT_NAME = "$(TARGET_NAME)";
				SDKROOT = macosx;
				SKIP_INSTALL = YES;
				SWIFT_INCLUDE_PATHS = "$(SRCROOT)/CocoaPods/macosx";
			};
			name = Debug;
		};
		B43F88CB1CE3163700DF1C76 /* Release */ = {
			isa = XCBuildConfiguration;
			baseConfigurationReference = BEFC1D4E32FEA8D6D20979E3 /* Pods-YNLibOSX.release.xcconfig */;
			buildSettings = {
				CODE_SIGN_IDENTITY = "-";
				COMBINE_HIDPI_IMAGES = YES;
				DEFINES_MODULE = YES;
				DYLIB_COMPATIBILITY_VERSION = 1;
				DYLIB_CURRENT_VERSION = 1;
				DYLIB_INSTALL_NAME_BASE = "@rpath";
				FRAMEWORK_VERSION = A;
				INFOPLIST_FILE = YNLibOSX/Info.plist;
				INSTALL_PATH = "$(LOCAL_LIBRARY_DIR)/Frameworks";
				LD_RUNPATH_SEARCH_PATHS = "$(inherited) @executable_path/../Frameworks @loader_path/Frameworks";
				MACOSX_DEPLOYMENT_TARGET = 10.11;
				PRODUCT_BUNDLE_IDENTIFIER = com.yunio.YNLibOSX;
				PRODUCT_NAME = "$(TARGET_NAME)";
				SDKROOT = macosx;
				SKIP_INSTALL = YES;
				SWIFT_INCLUDE_PATHS = "$(SRCROOT)/CocoaPods/macosx";
			};
			name = Release;
		};
		B4D2B85B1CCF42C200E5BE52 /* Debug */ = {
			isa = XCBuildConfiguration;
			buildSettings = {
				ALWAYS_SEARCH_USER_PATHS = NO;
				CLANG_ANALYZER_NONNULL = YES;
				CLANG_CXX_LANGUAGE_STANDARD = "gnu++0x";
				CLANG_CXX_LIBRARY = "libc++";
				CLANG_ENABLE_MODULES = YES;
				CLANG_ENABLE_OBJC_ARC = YES;
				CLANG_WARN_BOOL_CONVERSION = YES;
				CLANG_WARN_CONSTANT_CONVERSION = YES;
				CLANG_WARN_DIRECT_OBJC_ISA_USAGE = YES_ERROR;
				CLANG_WARN_EMPTY_BODY = YES;
				CLANG_WARN_ENUM_CONVERSION = YES;
				CLANG_WARN_INT_CONVERSION = YES;
				CLANG_WARN_OBJC_ROOT_CLASS = YES_ERROR;
				CLANG_WARN_UNREACHABLE_CODE = YES;
				CLANG_WARN__DUPLICATE_METHOD_MATCH = YES;
				"CODE_SIGN_IDENTITY[sdk=iphoneos*]" = "iPhone Developer";
				COPY_PHASE_STRIP = NO;
				CURRENT_PROJECT_VERSION = 1;
				DEBUG_INFORMATION_FORMAT = dwarf;
				ENABLE_STRICT_OBJC_MSGSEND = YES;
				ENABLE_TESTABILITY = YES;
				GCC_C_LANGUAGE_STANDARD = gnu99;
				GCC_DYNAMIC_NO_PIC = NO;
				GCC_NO_COMMON_BLOCKS = YES;
				GCC_OPTIMIZATION_LEVEL = 0;
				GCC_PREPROCESSOR_DEFINITIONS = (
					"DEBUG=1",
					"$(inherited)",
				);
				GCC_WARN_64_TO_32_BIT_CONVERSION = YES;
				GCC_WARN_ABOUT_RETURN_TYPE = YES_ERROR;
				GCC_WARN_UNDECLARED_SELECTOR = YES;
				GCC_WARN_UNINITIALIZED_AUTOS = YES_AGGRESSIVE;
				GCC_WARN_UNUSED_FUNCTION = YES;
				GCC_WARN_UNUSED_VARIABLE = YES;
				IPHONEOS_DEPLOYMENT_TARGET = 9.3;
				MTL_ENABLE_DEBUG_INFO = YES;
				ONLY_ACTIVE_ARCH = YES;
				SDKROOT = iphoneos;
				SWIFT_OPTIMIZATION_LEVEL = "-Onone";
				TARGETED_DEVICE_FAMILY = "1,2";
				VERSIONING_SYSTEM = "apple-generic";
				VERSION_INFO_PREFIX = "";
			};
			name = Debug;
		};
		B4D2B85C1CCF42C200E5BE52 /* Release */ = {
			isa = XCBuildConfiguration;
			buildSettings = {
				ALWAYS_SEARCH_USER_PATHS = NO;
				CLANG_ANALYZER_NONNULL = YES;
				CLANG_CXX_LANGUAGE_STANDARD = "gnu++0x";
				CLANG_CXX_LIBRARY = "libc++";
				CLANG_ENABLE_MODULES = YES;
				CLANG_ENABLE_OBJC_ARC = YES;
				CLANG_WARN_BOOL_CONVERSION = YES;
				CLANG_WARN_CONSTANT_CONVERSION = YES;
				CLANG_WARN_DIRECT_OBJC_ISA_USAGE = YES_ERROR;
				CLANG_WARN_EMPTY_BODY = YES;
				CLANG_WARN_ENUM_CONVERSION = YES;
				CLANG_WARN_INT_CONVERSION = YES;
				CLANG_WARN_OBJC_ROOT_CLASS = YES_ERROR;
				CLANG_WARN_UNREACHABLE_CODE = YES;
				CLANG_WARN__DUPLICATE_METHOD_MATCH = YES;
				"CODE_SIGN_IDENTITY[sdk=iphoneos*]" = "iPhone Developer";
				COPY_PHASE_STRIP = NO;
				CURRENT_PROJECT_VERSION = 1;
				DEBUG_INFORMATION_FORMAT = "dwarf-with-dsym";
				ENABLE_NS_ASSERTIONS = NO;
				ENABLE_STRICT_OBJC_MSGSEND = YES;
				GCC_C_LANGUAGE_STANDARD = gnu99;
				GCC_NO_COMMON_BLOCKS = YES;
				GCC_WARN_64_TO_32_BIT_CONVERSION = YES;
				GCC_WARN_ABOUT_RETURN_TYPE = YES_ERROR;
				GCC_WARN_UNDECLARED_SELECTOR = YES;
				GCC_WARN_UNINITIALIZED_AUTOS = YES_AGGRESSIVE;
				GCC_WARN_UNUSED_FUNCTION = YES;
				GCC_WARN_UNUSED_VARIABLE = YES;
				IPHONEOS_DEPLOYMENT_TARGET = 9.3;
				MTL_ENABLE_DEBUG_INFO = NO;
				SDKROOT = iphoneos;
				TARGETED_DEVICE_FAMILY = "1,2";
				VALIDATE_PRODUCT = YES;
				VERSIONING_SYSTEM = "apple-generic";
				VERSION_INFO_PREFIX = "";
			};
			name = Release;
		};
		B4D2B85E1CCF42C200E5BE52 /* Debug */ = {
			isa = XCBuildConfiguration;
			baseConfigurationReference = 9368EE66F025C4E8840D6C9F /* Pods-YNLib.debug.xcconfig */;
			buildSettings = {
				CLANG_ENABLE_MODULES = YES;
				DEFINES_MODULE = YES;
				DYLIB_COMPATIBILITY_VERSION = 1;
				DYLIB_CURRENT_VERSION = 1;
				DYLIB_INSTALL_NAME_BASE = "@rpath";
				INFOPLIST_FILE = YNLib/Info.plist;
				INSTALL_PATH = "$(LOCAL_LIBRARY_DIR)/Frameworks";
				IPHONEOS_DEPLOYMENT_TARGET = 8.0;
				LD_RUNPATH_SEARCH_PATHS = "$(inherited) @executable_path/Frameworks @loader_path/Frameworks";
				PRODUCT_BUNDLE_IDENTIFIER = com.yunio.YNLib;
				PRODUCT_NAME = "$(TARGET_NAME)";
				SKIP_INSTALL = YES;
				"SWIFT_INCLUDE_PATHS[sdk=iphoneos*]" = "$(SRCROOT)/CocoaPods/iphoneos";
				"SWIFT_INCLUDE_PATHS[sdk=iphonesimulator*]" = "$(SRCROOT)/CocoaPods/iphonesimulator";
				SWIFT_OPTIMIZATION_LEVEL = "-Onone";
			};
			name = Debug;
		};
		B4D2B85F1CCF42C200E5BE52 /* Release */ = {
			isa = XCBuildConfiguration;
			baseConfigurationReference = 07B4D63EAAFED4321C0978D5 /* Pods-YNLib.release.xcconfig */;
			buildSettings = {
				CLANG_ENABLE_MODULES = YES;
				DEFINES_MODULE = YES;
				DYLIB_COMPATIBILITY_VERSION = 1;
				DYLIB_CURRENT_VERSION = 1;
				DYLIB_INSTALL_NAME_BASE = "@rpath";
				INFOPLIST_FILE = YNLib/Info.plist;
				INSTALL_PATH = "$(LOCAL_LIBRARY_DIR)/Frameworks";
				IPHONEOS_DEPLOYMENT_TARGET = 8.0;
				LD_RUNPATH_SEARCH_PATHS = "$(inherited) @executable_path/Frameworks @loader_path/Frameworks";
				PRODUCT_BUNDLE_IDENTIFIER = com.yunio.YNLib;
				PRODUCT_NAME = "$(TARGET_NAME)";
				SKIP_INSTALL = YES;
				"SWIFT_INCLUDE_PATHS[sdk=iphoneos*]" = "$(SRCROOT)/CocoaPods/iphoneos";
				"SWIFT_INCLUDE_PATHS[sdk=iphonesimulator*]" = "$(SRCROOT)/CocoaPods/iphonesimulator";
			};
			name = Release;
		};
		B4D2B8611CCF42C200E5BE52 /* Debug */ = {
			isa = XCBuildConfiguration;
			buildSettings = {
				INFOPLIST_FILE = YNLibTests/Info.plist;
				LD_RUNPATH_SEARCH_PATHS = "$(inherited) @executable_path/Frameworks @loader_path/Frameworks";
				PRODUCT_BUNDLE_IDENTIFIER = com.yunio.YNLibTests;
				PRODUCT_NAME = "$(TARGET_NAME)";
			};
			name = Debug;
		};
		B4D2B8621CCF42C200E5BE52 /* Release */ = {
			isa = XCBuildConfiguration;
			buildSettings = {
				INFOPLIST_FILE = YNLibTests/Info.plist;
				LD_RUNPATH_SEARCH_PATHS = "$(inherited) @executable_path/Frameworks @loader_path/Frameworks";
				PRODUCT_BUNDLE_IDENTIFIER = com.yunio.YNLibTests;
				PRODUCT_NAME = "$(TARGET_NAME)";
			};
			name = Release;
		};
/* End XCBuildConfiguration section */

/* Begin XCConfigurationList section */
		B43F88CC1CE3163700DF1C76 /* Build configuration list for PBXNativeTarget "YNLibOSX" */ = {
			isa = XCConfigurationList;
			buildConfigurations = (
				B43F88CA1CE3163700DF1C76 /* Debug */,
				B43F88CB1CE3163700DF1C76 /* Release */,
			);
			defaultConfigurationIsVisible = 0;
			defaultConfigurationName = Release;
		};
		B4D2B8431CCF42C100E5BE52 /* Build configuration list for PBXProject "YNLib" */ = {
			isa = XCConfigurationList;
			buildConfigurations = (
				B4D2B85B1CCF42C200E5BE52 /* Debug */,
				B4D2B85C1CCF42C200E5BE52 /* Release */,
			);
			defaultConfigurationIsVisible = 0;
			defaultConfigurationName = Release;
		};
		B4D2B85D1CCF42C200E5BE52 /* Build configuration list for PBXNativeTarget "YNLib" */ = {
			isa = XCConfigurationList;
			buildConfigurations = (
				B4D2B85E1CCF42C200E5BE52 /* Debug */,
				B4D2B85F1CCF42C200E5BE52 /* Release */,
			);
			defaultConfigurationIsVisible = 0;
			defaultConfigurationName = Release;
		};
		B4D2B8601CCF42C200E5BE52 /* Build configuration list for PBXNativeTarget "YNLibTests" */ = {
			isa = XCConfigurationList;
			buildConfigurations = (
				B4D2B8611CCF42C200E5BE52 /* Debug */,
				B4D2B8621CCF42C200E5BE52 /* Release */,
			);
			defaultConfigurationIsVisible = 0;
			defaultConfigurationName = Release;
		};
/* End XCConfigurationList section */
	};
	rootObject = B4D2B8401CCF42C100E5BE52 /* Project object */;
}
